// !$*UTF8*$!
{
	archiveVersion = 1;
	classes = {
	};
	objectVersion = 45;
	objects = {

/* Begin PBXBuildFile section */
		070CD5A00F41115F003EA9D0 /* Sparkle.framework in Frameworks */ = {isa = PBXBuildFile; fileRef = 0717DEF50F3D404E00B56132 /* Sparkle.framework */; };
		070CD5DB0F4113AC003EA9D0 /* SparklerUpdateDriver.m in Sources */ = {isa = PBXBuildFile; fileRef = 070CD5D60F4113AC003EA9D0 /* SparklerUpdateDriver.m */; };
		070CD5DC0F4113AC003EA9D0 /* SparklerUpdateEngine.m in Sources */ = {isa = PBXBuildFile; fileRef = 070CD5D80F4113AC003EA9D0 /* SparklerUpdateEngine.m */; };
		0711AC4C0F65D403003AF147 /* Quartz.framework in Frameworks */ = {isa = PBXBuildFile; fileRef = 0711AC4B0F65D403003AF147 /* Quartz.framework */; };
		071214B70F017B4E00FBBDCE /* main.m in Sources */ = {isa = PBXBuildFile; fileRef = 29B97316FDCFA39411CA2CEA /* main.m */; };
		071214B80F017B4E00FBBDCE /* SparklerApplicationController.m in Sources */ = {isa = PBXBuildFile; fileRef = 078DD8670EF20FB900C6997D /* SparklerApplicationController.m */; };
		071214B90F017B4E00FBBDCE /* SparklerApplicationScanner.m in Sources */ = {isa = PBXBuildFile; fileRef = 078DD8530EF20F7700C6997D /* SparklerApplicationScanner.m */; };
		071214BA0F017B4E00FBBDCE /* SparklerApplicationsDataSource.m in Sources */ = {isa = PBXBuildFile; fileRef = 07ACE5AE0EF58E8100DF1D36 /* SparklerApplicationsDataSource.m */; };
		071214BB0F017B4E00FBBDCE /* SparklerApplicationsPreferencePane.m in Sources */ = {isa = PBXBuildFile; fileRef = 07CD90960EF86D440053BCAF /* SparklerApplicationsPreferencePane.m */; };
		071214BC0F017B4E00FBBDCE /* SparklerGeneralPreferencePane.m in Sources */ = {isa = PBXBuildFile; fileRef = 07CD90980EF86D440053BCAF /* SparklerGeneralPreferencePane.m */; };
		071214BD0F017B4E00FBBDCE /* SparklerPreferencePane.m in Sources */ = {isa = PBXBuildFile; fileRef = 07CD90BB0EF86E4C0053BCAF /* SparklerPreferencePane.m */; };
		071214BE0F017B4E00FBBDCE /* SparklerPreferencePaneManager.m in Sources */ = {isa = PBXBuildFile; fileRef = 071F0F710EF34CAF00F9ED3E /* SparklerPreferencePaneManager.m */; };
		071214BF0F017B4E00FBBDCE /* SparklerPreferencesWindowController.m in Sources */ = {isa = PBXBuildFile; fileRef = 071F0B1D0EF2B3E100F9ED3E /* SparklerPreferencesWindowController.m */; };
		071214C00F017B4E00FBBDCE /* SparklerTargetedApplication.m in Sources */ = {isa = PBXBuildFile; fileRef = 07ACE7C30EF5DC8200DF1D36 /* SparklerTargetedApplication.m */; };
		071214C10F017B4E00FBBDCE /* SparklerTargetedApplicationManager.m in Sources */ = {isa = PBXBuildFile; fileRef = 07ACE7D20EF5DD9700DF1D36 /* SparklerTargetedApplicationManager.m */; };
		071214C20F017B4E00FBBDCE /* SparklerTextFieldCell.m in Sources */ = {isa = PBXBuildFile; fileRef = 078DD8850EF210F100C6997D /* SparklerTextFieldCell.m */; };
		071214C70F017B4E00FBBDCE /* SparklerUtilities.m in Sources */ = {isa = PBXBuildFile; fileRef = 078DD8570EF20F7700C6997D /* SparklerUtilities.m */; };
		0717DF030F3D406100B56132 /* Sparkle.framework in CopyFiles */ = {isa = PBXBuildFile; fileRef = 0717DEF50F3D404E00B56132 /* Sparkle.framework */; };
		071F0AF40EF2B04E00F9ED3E /* Sparkler-InfoPlist.strings in Resources */ = {isa = PBXBuildFile; fileRef = 071F0AF00EF2B04E00F9ED3E /* Sparkler-InfoPlist.strings */; };
		071F0AF50EF2B04E00F9ED3E /* Sparkler.xib in Resources */ = {isa = PBXBuildFile; fileRef = 071F0AF20EF2B04E00F9ED3E /* Sparkler.xib */; };
		071F0FD30EF359B400F9ED3E /* General Preferences.tiff in Resources */ = {isa = PBXBuildFile; fileRef = 071F0FD20EF359B400F9ED3E /* General Preferences.tiff */; };
		0756E4BC0FA690EA00066EF4 /* SparklerUpdatesDataSource.m in Sources */ = {isa = PBXBuildFile; fileRef = 0756E4BB0FA690EA00066EF4 /* SparklerUpdatesDataSource.m */; };
		0756E4CB0FA6919600066EF4 /* SparklerApplicationUpdate.m in Sources */ = {isa = PBXBuildFile; fileRef = 0756E4CA0FA6919600066EF4 /* SparklerApplicationUpdate.m */; };
		078DD8240EF20D1B00C6997D /* Defaults.plist in Resources */ = {isa = PBXBuildFile; fileRef = 078DD8230EF20D1B00C6997D /* Defaults.plist */; };
		0799AEBF0F6604E200B71B22 /* SparklerUpdatePreferencePane.m in Sources */ = {isa = PBXBuildFile; fileRef = 0799AEBE0F6604E200B71B22 /* SparklerUpdatePreferencePane.m */; };
		0799AEC20F66053100B71B22 /* SparklerUpdatePreferencePane.xib in Resources */ = {isa = PBXBuildFile; fileRef = 0799AEC00F66053100B71B22 /* SparklerUpdatePreferencePane.xib */; };
		07A366650EF423BC00E78A70 /* SparklerGeneralPreferencePane.xib in Resources */ = {isa = PBXBuildFile; fileRef = 07A366630EF423BC00E78A70 /* SparklerGeneralPreferencePane.xib */; };
		07A680330F49E353003C04BD /* RegexKit.framework in Frameworks */ = {isa = PBXBuildFile; fileRef = 07A680320F49E353003C04BD /* RegexKit.framework */; };
		07A680990F49E41A003C04BD /* RegexKit.framework in CopyFiles */ = {isa = PBXBuildFile; fileRef = 07A680320F49E353003C04BD /* RegexKit.framework */; };
		07BDB2C20EF4CDA9003D52CA /* SparklerPreferencesWindow.xib in Resources */ = {isa = PBXBuildFile; fileRef = 07BDB2C00EF4CDA9003D52CA /* SparklerPreferencesWindow.xib */; };
		07CD90280EF74A2F0053BCAF /* Update Preferences.tiff in Resources */ = {isa = PBXBuildFile; fileRef = 07CD90270EF74A2F0053BCAF /* Update Preferences.tiff */; };
		07CD90370EF74E800053BCAF /* Preference Panes.plist in Resources */ = {isa = PBXBuildFile; fileRef = 07CD90360EF74E800053BCAF /* Preference Panes.plist */; };
		07CF80210FA7C2AE00A07F0C /* SparklerApplicationUpdateManager.m in Sources */ = {isa = PBXBuildFile; fileRef = 07CF80200FA7C2AE00A07F0C /* SparklerApplicationUpdateManager.m */; };
		07D07A3A0F46617000E5E0D0 /* SenTestingKit.framework in Frameworks */ = {isa = PBXBuildFile; fileRef = 07D07A390F46617000E5E0D0 /* SenTestingKit.framework */; };
		07D07A5B0F46643D00E5E0D0 /* Cocoa.framework in Frameworks */ = {isa = PBXBuildFile; fileRef = 1058C7A1FEA54F0111CA2CBB /* Cocoa.framework */; };
		07D3959E0EF4E0A0006583F2 /* Application Preferences.tiff in Resources */ = {isa = PBXBuildFile; fileRef = 07D3959D0EF4E0A0006583F2 /* Application Preferences.tiff */; };
		07D395A40EF4E1BB006583F2 /* SparklerApplicationsPreferencePane.xib in Resources */ = {isa = PBXBuildFile; fileRef = 07D395A20EF4E1BB006583F2 /* SparklerApplicationsPreferencePane.xib */; };
		07D68F2D0F491FD400EC7CC1 /* SparklerGenericVersionComparator.m in Sources */ = {isa = PBXBuildFile; fileRef = 07D68F2C0F491FD400EC7CC1 /* SparklerGenericVersionComparator.m */; };
		07D68F360F4920A400EC7CC1 /* SparklerGenericVersionComparatorTest.m in Sources */ = {isa = PBXBuildFile; fileRef = 07D68F350F4920A400EC7CC1 /* SparklerGenericVersionComparatorTest.m */; };
		07FF769D0FA407B10043F9D2 /* SparklerUpdatesWindow.xib in Resources */ = {isa = PBXBuildFile; fileRef = 07FF769B0FA407B10043F9D2 /* SparklerUpdatesWindow.xib */; };
		07FF76A00FA408130043F9D2 /* SparklerUpdatesWindowController.m in Sources */ = {isa = PBXBuildFile; fileRef = 07FF769F0FA408130043F9D2 /* SparklerUpdatesWindowController.m */; };
		8D11072F0486CEB800E47090 /* Cocoa.framework in Frameworks */ = {isa = PBXBuildFile; fileRef = 1058C7A1FEA54F0111CA2CBB /* Cocoa.framework */; };
/* End PBXBuildFile section */

/* Begin PBXContainerItemProxy section */
		07A6815B0F49F0B3003C04BD /* PBXContainerItemProxy */ = {
			isa = PBXContainerItemProxy;
			containerPortal = 29B97313FDCFA39411CA2CEA /* Project object */;
			proxyType = 1;
			remoteGlobalIDString = 8D1107260486CEB800E47090;
			remoteInfo = Sparkler;
		};
/* End PBXContainerItemProxy section */

/* Begin PBXCopyFilesBuildPhase section */
		07AD3FB10EFEADEA003B0B36 /* CopyFiles */ = {
			isa = PBXCopyFilesBuildPhase;
			buildActionMask = 2147483647;
			dstPath = "";
			dstSubfolderSpec = 10;
			files = (
				07A680990F49E41A003C04BD /* RegexKit.framework in CopyFiles */,
				0717DF030F3D406100B56132 /* Sparkle.framework in CopyFiles */,
			);
			runOnlyForDeploymentPostprocessing = 0;
		};
/* End PBXCopyFilesBuildPhase section */

/* Begin PBXFileReference section */
		070CD5D50F4113AC003EA9D0 /* SparklerUpdateDriver.h */ = {isa = PBXFileReference; fileEncoding = 4; lastKnownFileType = sourcecode.c.h; path = SparklerUpdateDriver.h; sourceTree = "<group>"; };
		070CD5D60F4113AC003EA9D0 /* SparklerUpdateDriver.m */ = {isa = PBXFileReference; fileEncoding = 4; lastKnownFileType = sourcecode.c.objc; path = SparklerUpdateDriver.m; sourceTree = "<group>"; };
		070CD5D70F4113AC003EA9D0 /* SparklerUpdateEngine.h */ = {isa = PBXFileReference; fileEncoding = 4; lastKnownFileType = sourcecode.c.h; path = SparklerUpdateEngine.h; sourceTree = "<group>"; };
		070CD5D80F4113AC003EA9D0 /* SparklerUpdateEngine.m */ = {isa = PBXFileReference; fileEncoding = 4; lastKnownFileType = sourcecode.c.objc; path = SparklerUpdateEngine.m; sourceTree = "<group>"; };
		0711AC4B0F65D403003AF147 /* Quartz.framework */ = {isa = PBXFileReference; lastKnownFileType = wrapper.framework; name = Quartz.framework; path = /System/Library/Frameworks/Quartz.framework; sourceTree = "<absolute>"; };
		0717DEF50F3D404E00B56132 /* Sparkle.framework */ = {isa = PBXFileReference; lastKnownFileType = wrapper.framework; name = Sparkle.framework; path = /Library/Frameworks/Sparkle.framework; sourceTree = "<absolute>"; };
		071F0AF10EF2B04E00F9ED3E /* English */ = {isa = PBXFileReference; fileEncoding = 4; lastKnownFileType = text.plist.strings; name = English; path = "Languages/English.lproj/Sparkler-InfoPlist.strings"; sourceTree = "<group>"; };
		071F0AF30EF2B04E00F9ED3E /* English */ = {isa = PBXFileReference; lastKnownFileType = file.xib; name = English; path = Languages/English.lproj/Sparkler.xib; sourceTree = "<group>"; };
		071F0B0D0EF2B36A00F9ED3E /* SparklerPreferencePaneProtocol.h */ = {isa = PBXFileReference; fileEncoding = 4; lastKnownFileType = sourcecode.c.h; path = SparklerPreferencePaneProtocol.h; sourceTree = "<group>"; };
		071F0B1C0EF2B3E100F9ED3E /* SparklerPreferencesWindowController.h */ = {isa = PBXFileReference; fileEncoding = 4; lastKnownFileType = sourcecode.c.h; path = SparklerPreferencesWindowController.h; sourceTree = "<group>"; };
		071F0B1D0EF2B3E100F9ED3E /* SparklerPreferencesWindowController.m */ = {isa = PBXFileReference; fileEncoding = 4; lastKnownFileType = sourcecode.c.objc; path = SparklerPreferencesWindowController.m; sourceTree = "<group>"; };
		071F0F700EF34CAF00F9ED3E /* SparklerPreferencePaneManager.h */ = {isa = PBXFileReference; fileEncoding = 4; lastKnownFileType = sourcecode.c.h; path = SparklerPreferencePaneManager.h; sourceTree = "<group>"; };
		071F0F710EF34CAF00F9ED3E /* SparklerPreferencePaneManager.m */ = {isa = PBXFileReference; fileEncoding = 4; lastKnownFileType = sourcecode.c.objc; path = SparklerPreferencePaneManager.m; sourceTree = "<group>"; };
		071F0FD20EF359B400F9ED3E /* General Preferences.tiff */ = {isa = PBXFileReference; lastKnownFileType = image.tiff; name = "General Preferences.tiff"; path = "Resources/Icons/Toolbar Icons/General Preferences.tiff"; sourceTree = "<group>"; };
		0756E4BA0FA690EA00066EF4 /* SparklerUpdatesDataSource.h */ = {isa = PBXFileReference; fileEncoding = 4; lastKnownFileType = sourcecode.c.h; path = SparklerUpdatesDataSource.h; sourceTree = "<group>"; };
		0756E4BB0FA690EA00066EF4 /* SparklerUpdatesDataSource.m */ = {isa = PBXFileReference; fileEncoding = 4; lastKnownFileType = sourcecode.c.objc; path = SparklerUpdatesDataSource.m; sourceTree = "<group>"; };
		0756E4C90FA6919600066EF4 /* SparklerApplicationUpdate.h */ = {isa = PBXFileReference; fileEncoding = 4; lastKnownFileType = sourcecode.c.h; path = SparklerApplicationUpdate.h; sourceTree = "<group>"; };
		0756E4CA0FA6919600066EF4 /* SparklerApplicationUpdate.m */ = {isa = PBXFileReference; fileEncoding = 4; lastKnownFileType = sourcecode.c.objc; path = SparklerApplicationUpdate.m; sourceTree = "<group>"; };
		0760006E0F425CED00B1FA19 /* Common.xcconfig */ = {isa = PBXFileReference; fileEncoding = 4; lastKnownFileType = text.xcconfig; name = Common.xcconfig; path = Configurations/Common.xcconfig; sourceTree = "<group>"; };
		0760006F0F425CED00B1FA19 /* CommonDevelopment.xcconfig */ = {isa = PBXFileReference; fileEncoding = 4; lastKnownFileType = text.xcconfig; name = CommonDevelopment.xcconfig; path = Configurations/CommonDevelopment.xcconfig; sourceTree = "<group>"; };
		076000700F425CED00B1FA19 /* CommonRelease.xcconfig */ = {isa = PBXFileReference; fileEncoding = 4; lastKnownFileType = text.xcconfig; name = CommonRelease.xcconfig; path = Configurations/CommonRelease.xcconfig; sourceTree = "<group>"; };
		076000710F425CED00B1FA19 /* Sparkler.xcconfig */ = {isa = PBXFileReference; fileEncoding = 4; lastKnownFileType = text.xcconfig; name = Sparkler.xcconfig; path = Configurations/Sparkler.xcconfig; sourceTree = "<group>"; };
		076000720F425CED00B1FA19 /* SparklerDevelopment.xcconfig */ = {isa = PBXFileReference; fileEncoding = 4; lastKnownFileType = text.xcconfig; name = SparklerDevelopment.xcconfig; path = Configurations/SparklerDevelopment.xcconfig; sourceTree = "<group>"; };
		076000760F425CED00B1FA19 /* SparklerRelease.xcconfig */ = {isa = PBXFileReference; fileEncoding = 4; lastKnownFileType = text.xcconfig; name = SparklerRelease.xcconfig; path = Configurations/SparklerRelease.xcconfig; sourceTree = "<group>"; };
		078DD8230EF20D1B00C6997D /* Defaults.plist */ = {isa = PBXFileReference; fileEncoding = 4; lastKnownFileType = text.plist.xml; name = Defaults.plist; path = "Resources/Property Lists/Defaults.plist"; sourceTree = "<group>"; };
		078DD8520EF20F7700C6997D /* SparklerApplicationScanner.h */ = {isa = PBXFileReference; fileEncoding = 4; lastKnownFileType = sourcecode.c.h; path = SparklerApplicationScanner.h; sourceTree = "<group>"; };
		078DD8530EF20F7700C6997D /* SparklerApplicationScanner.m */ = {isa = PBXFileReference; fileEncoding = 4; lastKnownFileType = sourcecode.c.objc; path = SparklerApplicationScanner.m; sourceTree = "<group>"; };
		078DD8560EF20F7700C6997D /* SparklerUtilities.h */ = {isa = PBXFileReference; fileEncoding = 4; lastKnownFileType = sourcecode.c.h; path = SparklerUtilities.h; sourceTree = "<group>"; };
		078DD8570EF20F7700C6997D /* SparklerUtilities.m */ = {isa = PBXFileReference; fileEncoding = 4; lastKnownFileType = sourcecode.c.objc; path = SparklerUtilities.m; sourceTree = "<group>"; };
		078DD8660EF20FB900C6997D /* SparklerApplicationController.h */ = {isa = PBXFileReference; fileEncoding = 4; lastKnownFileType = sourcecode.c.h; path = SparklerApplicationController.h; sourceTree = "<group>"; };
		078DD8670EF20FB900C6997D /* SparklerApplicationController.m */ = {isa = PBXFileReference; fileEncoding = 4; lastKnownFileType = sourcecode.c.objc; path = SparklerApplicationController.m; sourceTree = "<group>"; };
		078DD8830EF210F100C6997D /* SparklerConstants.h */ = {isa = PBXFileReference; fileEncoding = 4; lastKnownFileType = sourcecode.c.h; path = SparklerConstants.h; sourceTree = "<group>"; };
		078DD8840EF210F100C6997D /* SparklerTextFieldCell.h */ = {isa = PBXFileReference; fileEncoding = 4; lastKnownFileType = sourcecode.c.h; path = SparklerTextFieldCell.h; sourceTree = "<group>"; };
		078DD8850EF210F100C6997D /* SparklerTextFieldCell.m */ = {isa = PBXFileReference; fileEncoding = 4; lastKnownFileType = sourcecode.c.objc; path = SparklerTextFieldCell.m; sourceTree = "<group>"; };
		0799AEBD0F6604E200B71B22 /* SparklerUpdatePreferencePane.h */ = {isa = PBXFileReference; fileEncoding = 4; lastKnownFileType = sourcecode.c.h; name = SparklerUpdatePreferencePane.h; path = "Preference Panes/SparklerUpdatePreferencePane.h"; sourceTree = "<group>"; };
		0799AEBE0F6604E200B71B22 /* SparklerUpdatePreferencePane.m */ = {isa = PBXFileReference; fileEncoding = 4; lastKnownFileType = sourcecode.c.objc; name = SparklerUpdatePreferencePane.m; path = "Preference Panes/SparklerUpdatePreferencePane.m"; sourceTree = "<group>"; };
		0799AEC10F66053100B71B22 /* English */ = {isa = PBXFileReference; lastKnownFileType = file.xib; name = English; path = Languages/English.lproj/SparklerUpdatePreferencePane.xib; sourceTree = "<group>"; };
		07A366640EF423BC00E78A70 /* English */ = {isa = PBXFileReference; lastKnownFileType = file.xib; name = English; path = Languages/English.lproj/SparklerGeneralPreferencePane.xib; sourceTree = "<group>"; };
		07A680320F49E353003C04BD /* RegexKit.framework */ = {isa = PBXFileReference; lastKnownFileType = wrapper.framework; name = RegexKit.framework; path = Local/Frameworks/RegexKit.framework; sourceTree = DEVELOPER_DIR; };
		07ACE5AD0EF58E8100DF1D36 /* SparklerApplicationsDataSource.h */ = {isa = PBXFileReference; fileEncoding = 4; lastKnownFileType = sourcecode.c.h; path = SparklerApplicationsDataSource.h; sourceTree = "<group>"; };
		07ACE5AE0EF58E8100DF1D36 /* SparklerApplicationsDataSource.m */ = {isa = PBXFileReference; fileEncoding = 4; lastKnownFileType = sourcecode.c.objc; path = SparklerApplicationsDataSource.m; sourceTree = "<group>"; };
		07ACE6130EF5956A00DF1D36 /* SparklerApplicationScannerDelegate.h */ = {isa = PBXFileReference; fileEncoding = 4; lastKnownFileType = sourcecode.c.h; path = SparklerApplicationScannerDelegate.h; sourceTree = "<group>"; };
		07ACE7C20EF5DC8200DF1D36 /* SparklerTargetedApplication.h */ = {isa = PBXFileReference; fileEncoding = 4; lastKnownFileType = sourcecode.c.h; path = SparklerTargetedApplication.h; sourceTree = "<group>"; };
		07ACE7C30EF5DC8200DF1D36 /* SparklerTargetedApplication.m */ = {isa = PBXFileReference; fileEncoding = 4; lastKnownFileType = sourcecode.c.objc; path = SparklerTargetedApplication.m; sourceTree = "<group>"; };
		07ACE7D10EF5DD9700DF1D36 /* SparklerTargetedApplicationManager.h */ = {isa = PBXFileReference; fileEncoding = 4; lastKnownFileType = sourcecode.c.h; path = SparklerTargetedApplicationManager.h; sourceTree = "<group>"; };
		07ACE7D20EF5DD9700DF1D36 /* SparklerTargetedApplicationManager.m */ = {isa = PBXFileReference; fileEncoding = 4; lastKnownFileType = sourcecode.c.objc; path = SparklerTargetedApplicationManager.m; sourceTree = "<group>"; };
		07BDB2C10EF4CDA9003D52CA /* English */ = {isa = PBXFileReference; lastKnownFileType = file.xib; name = English; path = Languages/English.lproj/SparklerPreferencesWindow.xib; sourceTree = "<group>"; };
		07C9F8F90F50DC9B0017A10D /* SparklerUpdateEngineDelegate.h */ = {isa = PBXFileReference; fileEncoding = 4; lastKnownFileType = sourcecode.c.h; path = SparklerUpdateEngineDelegate.h; sourceTree = "<group>"; };
		07C9F9310F50E81C0017A10D /* SparklerUpdateDriverDelegate.h */ = {isa = PBXFileReference; fileEncoding = 4; lastKnownFileType = sourcecode.c.h; path = SparklerUpdateDriverDelegate.h; sourceTree = "<group>"; };
		07CD90270EF74A2F0053BCAF /* Update Preferences.tiff */ = {isa = PBXFileReference; lastKnownFileType = image.tiff; name = "Update Preferences.tiff"; path = "Resources/Icons/Toolbar Icons/Update Preferences.tiff"; sourceTree = "<group>"; };
		07CD90360EF74E800053BCAF /* Preference Panes.plist */ = {isa = PBXFileReference; fileEncoding = 4; lastKnownFileType = text.plist.xml; name = "Preference Panes.plist"; path = "Resources/Property Lists/Preference Panes.plist"; sourceTree = "<group>"; };
		07CD90950EF86D440053BCAF /* SparklerApplicationsPreferencePane.h */ = {isa = PBXFileReference; fileEncoding = 4; lastKnownFileType = sourcecode.c.h; name = SparklerApplicationsPreferencePane.h; path = "Preference Panes/SparklerApplicationsPreferencePane.h"; sourceTree = "<group>"; };
		07CD90960EF86D440053BCAF /* SparklerApplicationsPreferencePane.m */ = {isa = PBXFileReference; fileEncoding = 4; lastKnownFileType = sourcecode.c.objc; name = SparklerApplicationsPreferencePane.m; path = "Preference Panes/SparklerApplicationsPreferencePane.m"; sourceTree = "<group>"; };
		07CD90970EF86D440053BCAF /* SparklerGeneralPreferencePane.h */ = {isa = PBXFileReference; fileEncoding = 4; lastKnownFileType = sourcecode.c.h; name = SparklerGeneralPreferencePane.h; path = "Preference Panes/SparklerGeneralPreferencePane.h"; sourceTree = "<group>"; };
		07CD90980EF86D440053BCAF /* SparklerGeneralPreferencePane.m */ = {isa = PBXFileReference; fileEncoding = 4; lastKnownFileType = sourcecode.c.objc; name = SparklerGeneralPreferencePane.m; path = "Preference Panes/SparklerGeneralPreferencePane.m"; sourceTree = "<group>"; };
		07CD90BA0EF86E4C0053BCAF /* SparklerPreferencePane.h */ = {isa = PBXFileReference; fileEncoding = 4; lastKnownFileType = sourcecode.c.h; path = SparklerPreferencePane.h; sourceTree = "<group>"; };
		07CD90BB0EF86E4C0053BCAF /* SparklerPreferencePane.m */ = {isa = PBXFileReference; fileEncoding = 4; lastKnownFileType = sourcecode.c.objc; path = SparklerPreferencePane.m; sourceTree = "<group>"; };
		07CF801F0FA7C2AE00A07F0C /* SparklerApplicationUpdateManager.h */ = {isa = PBXFileReference; fileEncoding = 4; lastKnownFileType = sourcecode.c.h; path = SparklerApplicationUpdateManager.h; sourceTree = "<group>"; };
		07CF80200FA7C2AE00A07F0C /* SparklerApplicationUpdateManager.m */ = {isa = PBXFileReference; fileEncoding = 4; lastKnownFileType = sourcecode.c.objc; path = SparklerApplicationUpdateManager.m; sourceTree = "<group>"; };
		07D07A140F465E9800E5E0D0 /* SparklerUnitTests.octest */ = {isa = PBXFileReference; explicitFileType = wrapper.cfbundle; includeInIndex = 0; path = SparklerUnitTests.octest; sourceTree = BUILT_PRODUCTS_DIR; };
		07D07A150F465E9800E5E0D0 /* SparklerUnitTests-Info.plist */ = {isa = PBXFileReference; lastKnownFileType = text.plist.xml; name = "SparklerUnitTests-Info.plist"; path = "Resources/Property Lists/SparklerUnitTests-Info.plist"; sourceTree = "<group>"; };
		07D07A390F46617000E5E0D0 /* SenTestingKit.framework */ = {isa = PBXFileReference; lastKnownFileType = wrapper.framework; name = SenTestingKit.framework; path = Library/Frameworks/SenTestingKit.framework; sourceTree = DEVELOPER_DIR; };
		07D07A520F46624F00E5E0D0 /* SparklerUnitTests.xcconfig */ = {isa = PBXFileReference; fileEncoding = 4; lastKnownFileType = text.xcconfig; name = SparklerUnitTests.xcconfig; path = Configurations/SparklerUnitTests.xcconfig; sourceTree = "<group>"; };
		07D07A530F46624F00E5E0D0 /* SparklerUnitTestsDevelopment.xcconfig */ = {isa = PBXFileReference; fileEncoding = 4; lastKnownFileType = text.xcconfig; name = SparklerUnitTestsDevelopment.xcconfig; path = Configurations/SparklerUnitTestsDevelopment.xcconfig; sourceTree = "<group>"; };
		07D07A540F46625000E5E0D0 /* SparklerUnitTestsRelease.xcconfig */ = {isa = PBXFileReference; fileEncoding = 4; lastKnownFileType = text.xcconfig; name = SparklerUnitTestsRelease.xcconfig; path = Configurations/SparklerUnitTestsRelease.xcconfig; sourceTree = "<group>"; };
		07D3959D0EF4E0A0006583F2 /* Application Preferences.tiff */ = {isa = PBXFileReference; lastKnownFileType = image.tiff; name = "Application Preferences.tiff"; path = "Resources/Icons/Toolbar Icons/Application Preferences.tiff"; sourceTree = "<group>"; };
		07D395A30EF4E1BB006583F2 /* English */ = {isa = PBXFileReference; lastKnownFileType = file.xib; name = English; path = Languages/English.lproj/SparklerApplicationsPreferencePane.xib; sourceTree = "<group>"; };
		07D68F280F491F4200EC7CC1 /* SparklerVersionComparatorProtocol.h */ = {isa = PBXFileReference; fileEncoding = 4; lastKnownFileType = sourcecode.c.h; path = SparklerVersionComparatorProtocol.h; sourceTree = "<group>"; };
		07D68F2B0F491FD400EC7CC1 /* SparklerGenericVersionComparator.h */ = {isa = PBXFileReference; fileEncoding = 4; lastKnownFileType = sourcecode.c.h; path = SparklerGenericVersionComparator.h; sourceTree = "<group>"; };
		07D68F2C0F491FD400EC7CC1 /* SparklerGenericVersionComparator.m */ = {isa = PBXFileReference; fileEncoding = 4; lastKnownFileType = sourcecode.c.objc; path = SparklerGenericVersionComparator.m; sourceTree = "<group>"; };
		07D68F340F4920A400EC7CC1 /* SparklerGenericVersionComparatorTest.h */ = {isa = PBXFileReference; fileEncoding = 4; lastKnownFileType = sourcecode.c.h; name = SparklerGenericVersionComparatorTest.h; path = "Unit Tests/SparklerGenericVersionComparatorTest.h"; sourceTree = "<group>"; };
		07D68F350F4920A400EC7CC1 /* SparklerGenericVersionComparatorTest.m */ = {isa = PBXFileReference; fileEncoding = 4; lastKnownFileType = sourcecode.c.objc; name = SparklerGenericVersionComparatorTest.m; path = "Unit Tests/SparklerGenericVersionComparatorTest.m"; sourceTree = "<group>"; };
		07FF769C0FA407B10043F9D2 /* English */ = {isa = PBXFileReference; lastKnownFileType = file.xib; name = English; path = Languages/English.lproj/SparklerUpdatesWindow.xib; sourceTree = "<group>"; };
		07FF769E0FA408130043F9D2 /* SparklerUpdatesWindowController.h */ = {isa = PBXFileReference; fileEncoding = 4; lastKnownFileType = sourcecode.c.h; path = SparklerUpdatesWindowController.h; sourceTree = "<group>"; };
		07FF769F0FA408130043F9D2 /* SparklerUpdatesWindowController.m */ = {isa = PBXFileReference; fileEncoding = 4; lastKnownFileType = sourcecode.c.objc; path = SparklerUpdatesWindowController.m; sourceTree = "<group>"; };
		1058C7A1FEA54F0111CA2CBB /* Cocoa.framework */ = {isa = PBXFileReference; lastKnownFileType = wrapper.framework; name = Cocoa.framework; path = /System/Library/Frameworks/Cocoa.framework; sourceTree = "<absolute>"; };
		13E42FB307B3F0F600E4EEF1 /* CoreData.framework */ = {isa = PBXFileReference; lastKnownFileType = wrapper.framework; name = CoreData.framework; path = /System/Library/Frameworks/CoreData.framework; sourceTree = "<absolute>"; };
		29B97316FDCFA39411CA2CEA /* main.m */ = {isa = PBXFileReference; fileEncoding = 4; lastKnownFileType = sourcecode.c.objc; path = main.m; sourceTree = "<group>"; };
		29B97324FDCFA39411CA2CEA /* AppKit.framework */ = {isa = PBXFileReference; lastKnownFileType = wrapper.framework; name = AppKit.framework; path = /System/Library/Frameworks/AppKit.framework; sourceTree = "<absolute>"; };
		29B97325FDCFA39411CA2CEA /* Foundation.framework */ = {isa = PBXFileReference; lastKnownFileType = wrapper.framework; name = Foundation.framework; path = /System/Library/Frameworks/Foundation.framework; sourceTree = "<absolute>"; };
		32CA4F630368D1EE00C91783 /* Sparkler.pch */ = {isa = PBXFileReference; fileEncoding = 4; lastKnownFileType = sourcecode.c.h; path = Sparkler.pch; sourceTree = "<group>"; };
		8D1107310486CEB800E47090 /* Sparkler-Info.plist */ = {isa = PBXFileReference; fileEncoding = 4; lastKnownFileType = text.plist.xml; name = "Sparkler-Info.plist"; path = "Resources/Property Lists/Sparkler-Info.plist"; sourceTree = "<group>"; };
		8D1107320486CEB800E47090 /* Sparkler.app */ = {isa = PBXFileReference; explicitFileType = wrapper.application; includeInIndex = 0; path = Sparkler.app; sourceTree = BUILT_PRODUCTS_DIR; };
/* End PBXFileReference section */

/* Begin PBXFrameworksBuildPhase section */
		07D07A110F465E9800E5E0D0 /* Frameworks */ = {
			isa = PBXFrameworksBuildPhase;
			buildActionMask = 2147483647;
			files = (
				07D07A5B0F46643D00E5E0D0 /* Cocoa.framework in Frameworks */,
				07D07A3A0F46617000E5E0D0 /* SenTestingKit.framework in Frameworks */,
			);
			runOnlyForDeploymentPostprocessing = 0;
		};
		8D11072E0486CEB800E47090 /* Frameworks */ = {
			isa = PBXFrameworksBuildPhase;
			buildActionMask = 2147483647;
			files = (
				8D11072F0486CEB800E47090 /* Cocoa.framework in Frameworks */,
				07A680330F49E353003C04BD /* RegexKit.framework in Frameworks */,
				070CD5A00F41115F003EA9D0 /* Sparkle.framework in Frameworks */,
				0711AC4C0F65D403003AF147 /* Quartz.framework in Frameworks */,
			);
			runOnlyForDeploymentPostprocessing = 0;
		};
/* End PBXFrameworksBuildPhase section */

/* Begin PBXGroup section */
		071F0FD00EF3599E00F9ED3E /* Icons */ = {
			isa = PBXGroup;
			children = (
				071F0FD10EF359A300F9ED3E /* Toolbar Icons */,
			);
			name = Icons;
			sourceTree = "<group>";
		};
		071F0FD10EF359A300F9ED3E /* Toolbar Icons */ = {
			isa = PBXGroup;
			children = (
				07D3959D0EF4E0A0006583F2 /* Application Preferences.tiff */,
				071F0FD20EF359B400F9ED3E /* General Preferences.tiff */,
				07CD90270EF74A2F0053BCAF /* Update Preferences.tiff */,
			);
			name = "Toolbar Icons";
			sourceTree = "<group>";
		};
		071F101B0EF35EA400F9ED3E /* Protocols */ = {
			isa = PBXGroup;
			children = (
				071F0B0D0EF2B36A00F9ED3E /* SparklerPreferencePaneProtocol.h */,
			);
			name = Protocols;
			sourceTree = "<group>";
		};
		071F101C0EF35EB800F9ED3E /* Preference Panes */ = {
			isa = PBXGroup;
			children = (
				07CD90950EF86D440053BCAF /* SparklerApplicationsPreferencePane.h */,
				07CD90960EF86D440053BCAF /* SparklerApplicationsPreferencePane.m */,
				07CD90970EF86D440053BCAF /* SparklerGeneralPreferencePane.h */,
				07CD90980EF86D440053BCAF /* SparklerGeneralPreferencePane.m */,
				0799AEBD0F6604E200B71B22 /* SparklerUpdatePreferencePane.h */,
				0799AEBE0F6604E200B71B22 /* SparklerUpdatePreferencePane.m */,
			);
			name = "Preference Panes";
			sourceTree = "<group>";
		};
		071F101E0EF35F0300F9ED3E /* Models */ = {
			isa = PBXGroup;
			children = (
				071F101B0EF35EA400F9ED3E /* Protocols */,
				0756E4C90FA6919600066EF4 /* SparklerApplicationUpdate.h */,
				0756E4CA0FA6919600066EF4 /* SparklerApplicationUpdate.m */,
				07CD90BA0EF86E4C0053BCAF /* SparklerPreferencePane.h */,
				07CD90BB0EF86E4C0053BCAF /* SparklerPreferencePane.m */,
				07ACE7C20EF5DC8200DF1D36 /* SparklerTargetedApplication.h */,
				07ACE7C30EF5DC8200DF1D36 /* SparklerTargetedApplication.m */,
			);
			name = Models;
			sourceTree = "<group>";
		};
		071F101F0EF35F1300F9ED3E /* Controllers */ = {
			isa = PBXGroup;
			children = (
				078DD8660EF20FB900C6997D /* SparklerApplicationController.h */,
				078DD8670EF20FB900C6997D /* SparklerApplicationController.m */,
				07ACE5AD0EF58E8100DF1D36 /* SparklerApplicationsDataSource.h */,
				07ACE5AE0EF58E8100DF1D36 /* SparklerApplicationsDataSource.m */,
				071F0B1C0EF2B3E100F9ED3E /* SparklerPreferencesWindowController.h */,
				071F0B1D0EF2B3E100F9ED3E /* SparklerPreferencesWindowController.m */,
				0756E4BA0FA690EA00066EF4 /* SparklerUpdatesDataSource.h */,
				0756E4BB0FA690EA00066EF4 /* SparklerUpdatesDataSource.m */,
				07FF769E0FA408130043F9D2 /* SparklerUpdatesWindowController.h */,
				07FF769F0FA408130043F9D2 /* SparklerUpdatesWindowController.m */,
			);
			name = Controllers;
			sourceTree = "<group>";
		};
		071F10200EF35F2B00F9ED3E /* Views */ = {
			isa = PBXGroup;
			children = (
				078DD8840EF210F100C6997D /* SparklerTextFieldCell.h */,
				078DD8850EF210F100C6997D /* SparklerTextFieldCell.m */,
			);
			name = Views;
			sourceTree = "<group>";
		};
		071F10210EF35F6B00F9ED3E /* Common */ = {
			isa = PBXGroup;
			children = (
				07ACE6120EF5954B00DF1D36 /* Delegates */,
				078DD8520EF20F7700C6997D /* SparklerApplicationScanner.h */,
				078DD8530EF20F7700C6997D /* SparklerApplicationScanner.m */,
				07CF801F0FA7C2AE00A07F0C /* SparklerApplicationUpdateManager.h */,
				07CF80200FA7C2AE00A07F0C /* SparklerApplicationUpdateManager.m */,
				071F0F700EF34CAF00F9ED3E /* SparklerPreferencePaneManager.h */,
				071F0F710EF34CAF00F9ED3E /* SparklerPreferencePaneManager.m */,
				07ACE7D10EF5DD9700DF1D36 /* SparklerTargetedApplicationManager.h */,
				07ACE7D20EF5DD9700DF1D36 /* SparklerTargetedApplicationManager.m */,
				078DD8560EF20F7700C6997D /* SparklerUtilities.h */,
				078DD8570EF20F7700C6997D /* SparklerUtilities.m */,
			);
			name = Common;
			sourceTree = "<group>";
		};
		071F10220EF35FCF00F9ED3E /* Property Lists */ = {
			isa = PBXGroup;
			children = (
				078DD8230EF20D1B00C6997D /* Defaults.plist */,
				07CD90360EF74E800053BCAF /* Preference Panes.plist */,
				8D1107310486CEB800E47090 /* Sparkler-Info.plist */,
				07D07A150F465E9800E5E0D0 /* SparklerUnitTests-Info.plist */,
			);
			name = "Property Lists";
			sourceTree = "<group>";
		};
		071F10230EF35FEA00F9ED3E /* Interface Builder */ = {
			isa = PBXGroup;
			children = (
				071F0AF20EF2B04E00F9ED3E /* Sparkler.xib */,
				07D395A20EF4E1BB006583F2 /* SparklerApplicationsPreferencePane.xib */,
				07A366630EF423BC00E78A70 /* SparklerGeneralPreferencePane.xib */,
				07BDB2C00EF4CDA9003D52CA /* SparklerPreferencesWindow.xib */,
				0799AEC00F66053100B71B22 /* SparklerUpdatePreferencePane.xib */,
				07FF769B0FA407B10043F9D2 /* SparklerUpdatesWindow.xib */,
			);
			name = "Interface Builder";
			sourceTree = "<group>";
		};
		0760006D0F425CDC00B1FA19 /* Configurations */ = {
			isa = PBXGroup;
			children = (
				0760006E0F425CED00B1FA19 /* Common.xcconfig */,
				0760006F0F425CED00B1FA19 /* CommonDevelopment.xcconfig */,
				076000700F425CED00B1FA19 /* CommonRelease.xcconfig */,
				076000710F425CED00B1FA19 /* Sparkler.xcconfig */,
				076000720F425CED00B1FA19 /* SparklerDevelopment.xcconfig */,
				076000760F425CED00B1FA19 /* SparklerRelease.xcconfig */,
				07D07A520F46624F00E5E0D0 /* SparklerUnitTests.xcconfig */,
				07D07A530F46624F00E5E0D0 /* SparklerUnitTestsDevelopment.xcconfig */,
				07D07A540F46625000E5E0D0 /* SparklerUnitTestsRelease.xcconfig */,
			);
			name = Configurations;
			sourceTree = "<group>";
		};
		077C08D60F3BB26200766F11 /* Images */ = {
			isa = PBXGroup;
			children = (
				071F0FD00EF3599E00F9ED3E /* Icons */,
			);
			name = Images;
			sourceTree = "<group>";
		};
		077C09B90F3BBF7700766F11 /* Update Engine */ = {
			isa = PBXGroup;
			children = (
				07C9F8F80F50DC7E0017A10D /* Delegates */,
				07A680D80F49E678003C04BD /* Protocols */,
				07D68F2B0F491FD400EC7CC1 /* SparklerGenericVersionComparator.h */,
				07D68F2C0F491FD400EC7CC1 /* SparklerGenericVersionComparator.m */,
				070CD5D50F4113AC003EA9D0 /* SparklerUpdateDriver.h */,
				070CD5D60F4113AC003EA9D0 /* SparklerUpdateDriver.m */,
				070CD5D70F4113AC003EA9D0 /* SparklerUpdateEngine.h */,
				070CD5D80F4113AC003EA9D0 /* SparklerUpdateEngine.m */,
			);
			name = "Update Engine";
			sourceTree = "<group>";
		};
		07A680D80F49E678003C04BD /* Protocols */ = {
			isa = PBXGroup;
			children = (
				07D68F280F491F4200EC7CC1 /* SparklerVersionComparatorProtocol.h */,
			);
			name = Protocols;
			sourceTree = "<group>";
		};
		07ACE6120EF5954B00DF1D36 /* Delegates */ = {
			isa = PBXGroup;
			children = (
				07ACE6130EF5956A00DF1D36 /* SparklerApplicationScannerDelegate.h */,
			);
			name = Delegates;
			sourceTree = "<group>";
		};
		07C9F8F80F50DC7E0017A10D /* Delegates */ = {
			isa = PBXGroup;
			children = (
				07C9F9310F50E81C0017A10D /* SparklerUpdateDriverDelegate.h */,
				07C9F8F90F50DC9B0017A10D /* SparklerUpdateEngineDelegate.h */,
			);
			name = Delegates;
			sourceTree = "<group>";
		};
		07D07A0C0F465E7700E5E0D0 /* Unit Tests */ = {
			isa = PBXGroup;
			children = (
				07D68F340F4920A400EC7CC1 /* SparklerGenericVersionComparatorTest.h */,
				07D68F350F4920A400EC7CC1 /* SparklerGenericVersionComparatorTest.m */,
			);
			name = "Unit Tests";
			sourceTree = "<group>";
		};
		07F5AB250F6322930023430C /* Localized Strings */ = {
			isa = PBXGroup;
			children = (
				071F0AF00EF2B04E00F9ED3E /* Sparkler-InfoPlist.strings */,
			);
			name = "Localized Strings";
			sourceTree = "<group>";
		};
		080E96DDFE201D6D7F000001 /* Classes */ = {
			isa = PBXGroup;
			children = (
				071F10210EF35F6B00F9ED3E /* Common */,
				071F101F0EF35F1300F9ED3E /* Controllers */,
				071F101E0EF35F0300F9ED3E /* Models */,
				071F10200EF35F2B00F9ED3E /* Views */,
			);
			name = Classes;
			sourceTree = "<group>";
		};
		1058C7A0FEA54F0111CA2CBB /* Linked Frameworks */ = {
			isa = PBXGroup;
			children = (
				1058C7A1FEA54F0111CA2CBB /* Cocoa.framework */,
				0711AC4B0F65D403003AF147 /* Quartz.framework */,
				07A680320F49E353003C04BD /* RegexKit.framework */,
				07D07A390F46617000E5E0D0 /* SenTestingKit.framework */,
				0717DEF50F3D404E00B56132 /* Sparkle.framework */,
			);
			name = "Linked Frameworks";
			sourceTree = "<group>";
		};
		1058C7A2FEA54F0111CA2CBB /* Other Frameworks */ = {
			isa = PBXGroup;
			children = (
				29B97324FDCFA39411CA2CEA /* AppKit.framework */,
				13E42FB307B3F0F600E4EEF1 /* CoreData.framework */,
				29B97325FDCFA39411CA2CEA /* Foundation.framework */,
			);
			name = "Other Frameworks";
			sourceTree = "<group>";
		};
		19C28FACFE9D520D11CA2CBB /* Products */ = {
			isa = PBXGroup;
			children = (
				8D1107320486CEB800E47090 /* Sparkler.app */,
				07D07A140F465E9800E5E0D0 /* SparklerUnitTests.octest */,
			);
			name = Products;
			sourceTree = "<group>";
		};
		29B97314FDCFA39411CA2CEA /* Sparkler */ = {
			isa = PBXGroup;
			children = (
				080E96DDFE201D6D7F000001 /* Classes */,
				071F101C0EF35EB800F9ED3E /* Preference Panes */,
				077C09B90F3BBF7700766F11 /* Update Engine */,
				29B97315FDCFA39411CA2CEA /* Other Sources */,
				29B97317FDCFA39411CA2CEA /* Resources */,
				29B97323FDCFA39411CA2CEA /* Frameworks */,
				19C28FACFE9D520D11CA2CBB /* Products */,
			);
			name = Sparkler;
			sourceTree = "<group>";
		};
		29B97315FDCFA39411CA2CEA /* Other Sources */ = {
			isa = PBXGroup;
			children = (
				07D07A0C0F465E7700E5E0D0 /* Unit Tests */,
				29B97316FDCFA39411CA2CEA /* main.m */,
				32CA4F630368D1EE00C91783 /* Sparkler.pch */,
				078DD8830EF210F100C6997D /* SparklerConstants.h */,
			);
			name = "Other Sources";
			sourceTree = "<group>";
		};
		29B97317FDCFA39411CA2CEA /* Resources */ = {
			isa = PBXGroup;
			children = (
				0760006D0F425CDC00B1FA19 /* Configurations */,
				077C08D60F3BB26200766F11 /* Images */,
				071F10230EF35FEA00F9ED3E /* Interface Builder */,
				07F5AB250F6322930023430C /* Localized Strings */,
				071F10220EF35FCF00F9ED3E /* Property Lists */,
			);
			name = Resources;
			sourceTree = "<group>";
		};
		29B97323FDCFA39411CA2CEA /* Frameworks */ = {
			isa = PBXGroup;
			children = (
				1058C7A0FEA54F0111CA2CBB /* Linked Frameworks */,
				1058C7A2FEA54F0111CA2CBB /* Other Frameworks */,
			);
			name = Frameworks;
			sourceTree = "<group>";
		};
/* End PBXGroup section */

/* Begin PBXNativeTarget section */
		07D07A130F465E9800E5E0D0 /* SparklerUnitTests */ = {
			isa = PBXNativeTarget;
			buildConfigurationList = 07D07A190F465E9A00E5E0D0 /* Build configuration list for PBXNativeTarget "SparklerUnitTests" */;
			buildPhases = (
				07D07A0F0F465E9800E5E0D0 /* Resources */,
				07D07A100F465E9800E5E0D0 /* Sources */,
				07D07A110F465E9800E5E0D0 /* Frameworks */,
				07D07A120F465E9800E5E0D0 /* ShellScript */,
			);
			buildRules = (
			);
			dependencies = (
				07A6815C0F49F0B3003C04BD /* PBXTargetDependency */,
			);
			name = SparklerUnitTests;
			productName = "Unit Tests";
			productReference = 07D07A140F465E9800E5E0D0 /* SparklerUnitTests.octest */;
			productType = "com.apple.product-type.bundle";
		};
		8D1107260486CEB800E47090 /* Sparkler */ = {
			isa = PBXNativeTarget;
			buildConfigurationList = C01FCF4A08A954540054247B /* Build configuration list for PBXNativeTarget "Sparkler" */;
			buildPhases = (
				8D1107290486CEB800E47090 /* Resources */,
				07AD3FB10EFEADEA003B0B36 /* CopyFiles */,
				8D11072C0486CEB800E47090 /* Sources */,
				8D11072E0486CEB800E47090 /* Frameworks */,
				0719F6AB0F410B9400748AAB /* Run Script: Include Git commit hash */,
			);
			buildRules = (
			);
			dependencies = (
			);
			name = Sparkler;
			productInstallPath = "$(HOME)/Applications";
			productName = Sparkler;
			productReference = 8D1107320486CEB800E47090 /* Sparkler.app */;
			productType = "com.apple.product-type.application";
		};
/* End PBXNativeTarget section */

/* Begin PBXProject section */
		29B97313FDCFA39411CA2CEA /* Project object */ = {
			isa = PBXProject;
			buildConfigurationList = C01FCF4E08A954540054247B /* Build configuration list for PBXProject "Sparkler" */;
			compatibilityVersion = "Xcode 3.1";
			hasScannedForEncodings = 1;
			mainGroup = 29B97314FDCFA39411CA2CEA /* Sparkler */;
			projectDirPath = "";
			projectRoot = "";
			targets = (
				8D1107260486CEB800E47090 /* Sparkler */,
				07D07A130F465E9800E5E0D0 /* SparklerUnitTests */,
			);
		};
/* End PBXProject section */

/* Begin PBXResourcesBuildPhase section */
		07D07A0F0F465E9800E5E0D0 /* Resources */ = {
			isa = PBXResourcesBuildPhase;
			buildActionMask = 2147483647;
			files = (
			);
			runOnlyForDeploymentPostprocessing = 0;
		};
		8D1107290486CEB800E47090 /* Resources */ = {
			isa = PBXResourcesBuildPhase;
			buildActionMask = 2147483647;
			files = (
				07D3959E0EF4E0A0006583F2 /* Application Preferences.tiff in Resources */,
				078DD8240EF20D1B00C6997D /* Defaults.plist in Resources */,
				071F0FD30EF359B400F9ED3E /* General Preferences.tiff in Resources */,
				07CD90370EF74E800053BCAF /* Preference Panes.plist in Resources */,
				071F0AF40EF2B04E00F9ED3E /* Sparkler-InfoPlist.strings in Resources */,
				071F0AF50EF2B04E00F9ED3E /* Sparkler.xib in Resources */,
				07D395A40EF4E1BB006583F2 /* SparklerApplicationsPreferencePane.xib in Resources */,
				07A366650EF423BC00E78A70 /* SparklerGeneralPreferencePane.xib in Resources */,
				07BDB2C20EF4CDA9003D52CA /* SparklerPreferencesWindow.xib in Resources */,
				0799AEC20F66053100B71B22 /* SparklerUpdatePreferencePane.xib in Resources */,
				07CD90280EF74A2F0053BCAF /* Update Preferences.tiff in Resources */,
				07FF769D0FA407B10043F9D2 /* SparklerUpdatesWindow.xib in Resources */,
			);
			runOnlyForDeploymentPostprocessing = 0;
		};
/* End PBXResourcesBuildPhase section */

/* Begin PBXShellScriptBuildPhase section */
		0719F6AB0F410B9400748AAB /* Run Script: Include Git commit hash */ = {
			isa = PBXShellScriptBuildPhase;
			buildActionMask = 2147483647;
			files = (
			);
			inputPaths = (
			);
			name = "Run Script: Include Git commit hash";
			outputPaths = (
			);
			runOnlyForDeploymentPostprocessing = 0;
			shellPath = /usr/bin/ruby;
			shellScript = "# Xcode auto-versioning script for git\n#\n# Based on original Perl script by Marcus S. Zarra and Matt Long at\n#   (http://www.cimgf.com/2008/04/13/git-and-xcode-a-git-build-number-script/)\n \n# fail if not run from Xcode\nraise \"Must be run from Xcode\" unless ENV['XCODE_VERSION_ACTUAL']\n \ninfo_plist = \"#{ENV['BUILT_PRODUCTS_DIR']}/#{ENV['WRAPPER_NAME']}/Contents/Info.plist\"\n \n# Get the current git commit hash\ncommit = `/usr/local/bin/git rev-parse --short HEAD`.chomp!\n \n# open Info.plist and set the CFBundleVersion value to the commit hash\nlines = IO.readlines(info_plist).join\nlines.gsub! /(<key>CFBundleVersion<\\/key>\\n\\t<string>).*?(<\\/string>)/, \"\\\\1#{commit}\\\\2\"\n \n# overwrite the original Info.plist file with our modified version\nFile.open(info_plist, 'w') {|f| f.puts lines}";
		};
		07D07A120F465E9800E5E0D0 /* ShellScript */ = {
			isa = PBXShellScriptBuildPhase;
			buildActionMask = 2147483647;
			files = (
			);
			inputPaths = (
			);
			outputPaths = (
			);
			runOnlyForDeploymentPostprocessing = 0;
			shellPath = /bin/sh;
			shellScript = "# Run the unit tests in this test bundle.\n\"${SYSTEM_DEVELOPER_DIR}/Tools/RunUnitTests\"\n";
		};
/* End PBXShellScriptBuildPhase section */

/* Begin PBXSourcesBuildPhase section */
		07D07A100F465E9800E5E0D0 /* Sources */ = {
			isa = PBXSourcesBuildPhase;
			buildActionMask = 2147483647;
			files = (
				07D68F360F4920A400EC7CC1 /* SparklerGenericVersionComparatorTest.m in Sources */,
			);
			runOnlyForDeploymentPostprocessing = 0;
		};
		8D11072C0486CEB800E47090 /* Sources */ = {
			isa = PBXSourcesBuildPhase;
			buildActionMask = 2147483647;
			files = (
				071214B70F017B4E00FBBDCE /* main.m in Sources */,
				071214B80F017B4E00FBBDCE /* SparklerApplicationController.m in Sources */,
				071214B90F017B4E00FBBDCE /* SparklerApplicationScanner.m in Sources */,
				071214BA0F017B4E00FBBDCE /* SparklerApplicationsDataSource.m in Sources */,
				071214BB0F017B4E00FBBDCE /* SparklerApplicationsPreferencePane.m in Sources */,
				071214BC0F017B4E00FBBDCE /* SparklerGeneralPreferencePane.m in Sources */,
				07D68F2D0F491FD400EC7CC1 /* SparklerGenericVersionComparator.m in Sources */,
				071214BD0F017B4E00FBBDCE /* SparklerPreferencePane.m in Sources */,
				071214BE0F017B4E00FBBDCE /* SparklerPreferencePaneManager.m in Sources */,
				071214BF0F017B4E00FBBDCE /* SparklerPreferencesWindowController.m in Sources */,
				071214C00F017B4E00FBBDCE /* SparklerTargetedApplication.m in Sources */,
				071214C10F017B4E00FBBDCE /* SparklerTargetedApplicationManager.m in Sources */,
				071214C20F017B4E00FBBDCE /* SparklerTextFieldCell.m in Sources */,
				070CD5DB0F4113AC003EA9D0 /* SparklerUpdateDriver.m in Sources */,
				070CD5DC0F4113AC003EA9D0 /* SparklerUpdateEngine.m in Sources */,
				0799AEBF0F6604E200B71B22 /* SparklerUpdatePreferencePane.m in Sources */,
				071214C70F017B4E00FBBDCE /* SparklerUtilities.m in Sources */,
				07FF76A00FA408130043F9D2 /* SparklerUpdatesWindowController.m in Sources */,
				0756E4BC0FA690EA00066EF4 /* SparklerUpdatesDataSource.m in Sources */,
				0756E4CB0FA6919600066EF4 /* SparklerApplicationUpdate.m in Sources */,
				07CF80210FA7C2AE00A07F0C /* SparklerApplicationUpdateManager.m in Sources */,
			);
			runOnlyForDeploymentPostprocessing = 0;
		};
/* End PBXSourcesBuildPhase section */

/* Begin PBXTargetDependency section */
		07A6815C0F49F0B3003C04BD /* PBXTargetDependency */ = {
			isa = PBXTargetDependency;
			target = 8D1107260486CEB800E47090 /* Sparkler */;
			targetProxy = 07A6815B0F49F0B3003C04BD /* PBXContainerItemProxy */;
		};
/* End PBXTargetDependency section */

/* Begin PBXVariantGroup section */
		071F0AF00EF2B04E00F9ED3E /* Sparkler-InfoPlist.strings */ = {
			isa = PBXVariantGroup;
			children = (
				071F0AF10EF2B04E00F9ED3E /* English */,
			);
			name = "Sparkler-InfoPlist.strings";
			sourceTree = "<group>";
		};
		071F0AF20EF2B04E00F9ED3E /* Sparkler.xib */ = {
			isa = PBXVariantGroup;
			children = (
				071F0AF30EF2B04E00F9ED3E /* English */,
			);
			name = Sparkler.xib;
			sourceTree = "<group>";
		};
		0799AEC00F66053100B71B22 /* SparklerUpdatePreferencePane.xib */ = {
			isa = PBXVariantGroup;
			children = (
				0799AEC10F66053100B71B22 /* English */,
			);
			name = SparklerUpdatePreferencePane.xib;
			sourceTree = "<group>";
		};
		07A366630EF423BC00E78A70 /* SparklerGeneralPreferencePane.xib */ = {
			isa = PBXVariantGroup;
			children = (
				07A366640EF423BC00E78A70 /* English */,
			);
			name = SparklerGeneralPreferencePane.xib;
			sourceTree = "<group>";
		};
		07BDB2C00EF4CDA9003D52CA /* SparklerPreferencesWindow.xib */ = {
			isa = PBXVariantGroup;
			children = (
				07BDB2C10EF4CDA9003D52CA /* English */,
			);
			name = SparklerPreferencesWindow.xib;
			sourceTree = "<group>";
		};
		07D395A20EF4E1BB006583F2 /* SparklerApplicationsPreferencePane.xib */ = {
			isa = PBXVariantGroup;
			children = (
				07D395A30EF4E1BB006583F2 /* English */,
			);
			name = SparklerApplicationsPreferencePane.xib;
			sourceTree = "<group>";
		};
		07FF769B0FA407B10043F9D2 /* SparklerUpdatesWindow.xib */ = {
			isa = PBXVariantGroup;
			children = (
				07FF769C0FA407B10043F9D2 /* English */,
			);
			name = SparklerUpdatesWindow.xib;
			sourceTree = "<group>";
		};
/* End PBXVariantGroup section */

/* Begin XCBuildConfiguration section */
		07D07A170F465E9A00E5E0D0 /* Development */ = {
			isa = XCBuildConfiguration;
			baseConfigurationReference = 07D07A530F46624F00E5E0D0 /* SparklerUnitTestsDevelopment.xcconfig */;
			buildSettings = {
				FRAMEWORK_SEARCH_PATHS = (
					"$(inherited)",
					"\"$(DEVELOPER_FRAMEWORKS_DIR)\"",
					"\"$(DEVELOPER_DIR)/Local/Frameworks\"",
				);
				VERSION_INFO_FILE = "";
			};
			name = Development;
		};
		07D07A180F465E9A00E5E0D0 /* Release */ = {
			isa = XCBuildConfiguration;
			baseConfigurationReference = 07D07A540F46625000E5E0D0 /* SparklerUnitTestsRelease.xcconfig */;
			buildSettings = {
				FRAMEWORK_SEARCH_PATHS = (
					"$(inherited)",
					"\"$(DEVELOPER_FRAMEWORKS_DIR)\"",
					"\"$(DEVELOPER_DIR)/Local/Frameworks\"",
				);
				VERSION_INFO_FILE = "";
			};
			name = Release;
		};
		C01FCF4B08A954540054247B /* Development */ = {
			isa = XCBuildConfiguration;
			baseConfigurationReference = 076000720F425CED00B1FA19 /* SparklerDevelopment.xcconfig */;
			buildSettings = {
				FRAMEWORK_SEARCH_PATHS = (
					"$(inherited)",
					"\"$(SRCROOT)/Frameworks\"",
					"\"$(DEVELOPER_DIR)/Local/Frameworks\"",
				);
				VERSION_INFO_FILE = "";
			};
			name = Development;
		};
		C01FCF4C08A954540054247B /* Release */ = {
			isa = XCBuildConfiguration;
			baseConfigurationReference = 076000760F425CED00B1FA19 /* SparklerRelease.xcconfig */;
			buildSettings = {
				FRAMEWORK_SEARCH_PATHS = (
					"$(inherited)",
					"\"$(SRCROOT)/Frameworks\"",
					"\"$(DEVELOPER_DIR)/Local/Frameworks\"",
				);
				VERSION_INFO_FILE = "";
			};
			name = Release;
		};
		C01FCF4F08A954540054247B /* Development */ = {
			isa = XCBuildConfiguration;
			baseConfigurationReference = 0760006F0F425CED00B1FA19 /* CommonDevelopment.xcconfig */;
			buildSettings = {
			};
			name = Development;
		};
		C01FCF5008A954540054247B /* Release */ = {
			isa = XCBuildConfiguration;
			baseConfigurationReference = 076000700F425CED00B1FA19 /* CommonRelease.xcconfig */;
			buildSettings = {
			};
			name = Release;
		};
/* End XCBuildConfiguration section */

/* Begin XCConfigurationList section */
		07D07A190F465E9A00E5E0D0 /* Build configuration list for PBXNativeTarget "SparklerUnitTests" */ = {
			isa = XCConfigurationList;
			buildConfigurations = (
				07D07A170F465E9A00E5E0D0 /* Development */,
				07D07A180F465E9A00E5E0D0 /* Release */,
			);
			defaultConfigurationIsVisible = 0;
			defaultConfigurationName = Release;
		};
		C01FCF4A08A954540054247B /* Build configuration list for PBXNativeTarget "Sparkler" */ = {
			isa = XCConfigurationList;
			buildConfigurations = (
				C01FCF4B08A954540054247B /* Development */,
				C01FCF4C08A954540054247B /* Release */,
			);
			defaultConfigurationIsVisible = 0;
			defaultConfigurationName = Release;
		};
		C01FCF4E08A954540054247B /* Build configuration list for PBXProject "Sparkler" */ = {
			isa = XCConfigurationList;
			buildConfigurations = (
				C01FCF4F08A954540054247B /* Development */,
				C01FCF5008A954540054247B /* Release */,
			);
			defaultConfigurationIsVisible = 0;
			defaultConfigurationName = Release;
		};
/* End XCConfigurationList section */
	};
	rootObject = 29B97313FDCFA39411CA2CEA /* Project object */;
}
