// !$*UTF8*$!
{
	archiveVersion = 1;
	classes = {
	};
	objectVersion = 45;
	objects = {

/* Begin PBXBuildFile section */
		070CD5A00F41115F003EA9D0 /* Sparkle.framework in Frameworks */ = {isa = PBXBuildFile; fileRef = 0717DEF50F3D404E00B56132 /* Sparkle.framework */; };
		070CD5DB0F4113AC003EA9D0 /* SparklerUpdateDriver.m in Sources */ = {isa = PBXBuildFile; fileRef = 070CD5D60F4113AC003EA9D0 /* SparklerUpdateDriver.m */; };
		070CD5DC0F4113AC003EA9D0 /* SparklerUpdateEngine.m in Sources */ = {isa = PBXBuildFile; fileRef = 070CD5D80F4113AC003EA9D0 /* SparklerUpdateEngine.m */; };
		070CD5DD0F4113AC003EA9D0 /* SparklerUpdateMonitor.m in Sources */ = {isa = PBXBuildFile; fileRef = 070CD5DA0F4113AC003EA9D0 /* SparklerUpdateMonitor.m */; };
		071214B70F017B4E00FBBDCE /* main.m in Sources */ = {isa = PBXBuildFile; fileRef = 29B97316FDCFA39411CA2CEA /* main.m */; };
		071214B80F017B4E00FBBDCE /* SparklerApplicationController.m in Sources */ = {isa = PBXBuildFile; fileRef = 078DD8670EF20FB900C6997D /* SparklerApplicationController.m */; };
		071214B90F017B4E00FBBDCE /* SparklerApplicationScanner.m in Sources */ = {isa = PBXBuildFile; fileRef = 078DD8530EF20F7700C6997D /* SparklerApplicationScanner.m */; };
		071214BA0F017B4E00FBBDCE /* SparklerApplicationsDataSource.m in Sources */ = {isa = PBXBuildFile; fileRef = 07ACE5AE0EF58E8100DF1D36 /* SparklerApplicationsDataSource.m */; };
		071214BB0F017B4E00FBBDCE /* SparklerApplicationsPreferencePane.m in Sources */ = {isa = PBXBuildFile; fileRef = 07CD90960EF86D440053BCAF /* SparklerApplicationsPreferencePane.m */; };
		071214BC0F017B4E00FBBDCE /* SparklerGeneralPreferencePane.m in Sources */ = {isa = PBXBuildFile; fileRef = 07CD90980EF86D440053BCAF /* SparklerGeneralPreferencePane.m */; };
		071214BD0F017B4E00FBBDCE /* SparklerPreferencePane.m in Sources */ = {isa = PBXBuildFile; fileRef = 07CD90BB0EF86E4C0053BCAF /* SparklerPreferencePane.m */; };
		071214BE0F017B4E00FBBDCE /* SparklerPreferencePaneManager.m in Sources */ = {isa = PBXBuildFile; fileRef = 071F0F710EF34CAF00F9ED3E /* SparklerPreferencePaneManager.m */; };
		071214BF0F017B4E00FBBDCE /* SparklerPreferencesWindowController.m in Sources */ = {isa = PBXBuildFile; fileRef = 071F0B1D0EF2B3E100F9ED3E /* SparklerPreferencesWindowController.m */; };
		071214C00F017B4E00FBBDCE /* SparklerTargetedApplication.m in Sources */ = {isa = PBXBuildFile; fileRef = 07ACE7C30EF5DC8200DF1D36 /* SparklerTargetedApplication.m */; };
		071214C10F017B4E00FBBDCE /* SparklerTargetedApplicationManager.m in Sources */ = {isa = PBXBuildFile; fileRef = 07ACE7D20EF5DD9700DF1D36 /* SparklerTargetedApplicationManager.m */; };
		071214C20F017B4E00FBBDCE /* SparklerTextFieldCell.m in Sources */ = {isa = PBXBuildFile; fileRef = 078DD8850EF210F100C6997D /* SparklerTextFieldCell.m */; };
		071214C60F017B4E00FBBDCE /* SparklerUpdatesPreferencePane.m in Sources */ = {isa = PBXBuildFile; fileRef = 07CD909A0EF86D440053BCAF /* SparklerUpdatesPreferencePane.m */; };
		071214C70F017B4E00FBBDCE /* SparklerUtilities.m in Sources */ = {isa = PBXBuildFile; fileRef = 078DD8570EF20F7700C6997D /* SparklerUtilities.m */; };
		071214CA0F017B5A00FBBDCE /* main.m in Sources */ = {isa = PBXBuildFile; fileRef = 29B97316FDCFA39411CA2CEA /* main.m */; };
		071214CB0F017B5A00FBBDCE /* SparklerHelperController.m in Sources */ = {isa = PBXBuildFile; fileRef = 078DD84C0EF20F2400C6997D /* SparklerHelperController.m */; };
		071214CC0F017B5A00FBBDCE /* SparklerUtilities.m in Sources */ = {isa = PBXBuildFile; fileRef = 078DD8570EF20F7700C6997D /* SparklerUtilities.m */; };
		0717DF030F3D406100B56132 /* Sparkle.framework in CopyFiles */ = {isa = PBXBuildFile; fileRef = 0717DEF50F3D404E00B56132 /* Sparkle.framework */; };
		071F0AF40EF2B04E00F9ED3E /* Sparkler-InfoPlist.strings in Resources */ = {isa = PBXBuildFile; fileRef = 071F0AF00EF2B04E00F9ED3E /* Sparkler-InfoPlist.strings */; };
		071F0AF50EF2B04E00F9ED3E /* Sparkler.xib in Resources */ = {isa = PBXBuildFile; fileRef = 071F0AF20EF2B04E00F9ED3E /* Sparkler.xib */; };
		071F0AFA0EF2B05C00F9ED3E /* SparklerHelper-InfoPlist.strings in Resources */ = {isa = PBXBuildFile; fileRef = 071F0AF60EF2B05C00F9ED3E /* SparklerHelper-InfoPlist.strings */; };
		071F0AFB0EF2B05C00F9ED3E /* SparklerHelper.xib in Resources */ = {isa = PBXBuildFile; fileRef = 071F0AF80EF2B05C00F9ED3E /* SparklerHelper.xib */; };
		071F0FD30EF359B400F9ED3E /* General Preferences.tiff in Resources */ = {isa = PBXBuildFile; fileRef = 071F0FD20EF359B400F9ED3E /* General Preferences.tiff */; };
		078DD8020EF20BE600C6997D /* SparklerHelper.app in Resources */ = {isa = PBXBuildFile; fileRef = 078DD7FA0EF20B8C00C6997D /* SparklerHelper.app */; };
		078DD8240EF20D1B00C6997D /* Defaults.plist in Resources */ = {isa = PBXBuildFile; fileRef = 078DD8230EF20D1B00C6997D /* Defaults.plist */; };
		078DD8440EF20ED400C6997D /* Cocoa.framework in Frameworks */ = {isa = PBXBuildFile; fileRef = 1058C7A1FEA54F0111CA2CBB /* Cocoa.framework */; };
		07A366650EF423BC00E78A70 /* SparklerGeneralPreferencePane.xib in Resources */ = {isa = PBXBuildFile; fileRef = 07A366630EF423BC00E78A70 /* SparklerGeneralPreferencePane.xib */; };
		07ACE3CD0EF4EC0000DF1D36 /* SparklerApplicationUpdatesWindow.xib in Resources */ = {isa = PBXBuildFile; fileRef = 07ACE3CB0EF4EC0000DF1D36 /* SparklerApplicationUpdatesWindow.xib */; };
		07ACE3CE0EF4EC0000DF1D36 /* SparklerApplicationUpdatesWindow.xib in Resources */ = {isa = PBXBuildFile; fileRef = 07ACE3CB0EF4EC0000DF1D36 /* SparklerApplicationUpdatesWindow.xib */; };
		07ACE4CB0EF57CD400DF1D36 /* QuartzCore.framework in Frameworks */ = {isa = PBXBuildFile; fileRef = 07ACE4CA0EF57CD400DF1D36 /* QuartzCore.framework */; };
		07BDB2C20EF4CDA9003D52CA /* SparklerPreferencesWindow.xib in Resources */ = {isa = PBXBuildFile; fileRef = 07BDB2C00EF4CDA9003D52CA /* SparklerPreferencesWindow.xib */; };
		07CD901B0EF743C80053BCAF /* SparklerUpdatesPreferencePane.xib in Resources */ = {isa = PBXBuildFile; fileRef = 07CD90190EF743C80053BCAF /* SparklerUpdatesPreferencePane.xib */; };
		07CD90280EF74A2F0053BCAF /* Update Preferences.tiff in Resources */ = {isa = PBXBuildFile; fileRef = 07CD90270EF74A2F0053BCAF /* Update Preferences.tiff */; };
		07CD90370EF74E800053BCAF /* PreferencePanes.plist in Resources */ = {isa = PBXBuildFile; fileRef = 07CD90360EF74E800053BCAF /* PreferencePanes.plist */; };
		07D3959E0EF4E0A0006583F2 /* Application Preferences.tiff in Resources */ = {isa = PBXBuildFile; fileRef = 07D3959D0EF4E0A0006583F2 /* Application Preferences.tiff */; };
		07D395A40EF4E1BB006583F2 /* SparklerApplicationsPreferencePane.xib in Resources */ = {isa = PBXBuildFile; fileRef = 07D395A20EF4E1BB006583F2 /* SparklerApplicationsPreferencePane.xib */; };
		8D11072F0486CEB800E47090 /* Cocoa.framework in Frameworks */ = {isa = PBXBuildFile; fileRef = 1058C7A1FEA54F0111CA2CBB /* Cocoa.framework */; };
/* End PBXBuildFile section */

/* Begin PBXContainerItemProxy section */
		078DD8000EF20BD200C6997D /* PBXContainerItemProxy */ = {
			isa = PBXContainerItemProxy;
			containerPortal = 29B97313FDCFA39411CA2CEA /* Project object */;
			proxyType = 1;
			remoteGlobalIDString = 078DD7F90EF20B8C00C6997D;
			remoteInfo = SparklerHelper;
		};
/* End PBXContainerItemProxy section */

/* Begin PBXCopyFilesBuildPhase section */
		07AD3FB10EFEADEA003B0B36 /* CopyFiles */ = {
			isa = PBXCopyFilesBuildPhase;
			buildActionMask = 2147483647;
			dstPath = "";
			dstSubfolderSpec = 10;
			files = (
				0717DF030F3D406100B56132 /* Sparkle.framework in CopyFiles */,
			);
			runOnlyForDeploymentPostprocessing = 0;
		};
		07AD3FC60EFEAE83003B0B36 /* CopyFiles */ = {
			isa = PBXCopyFilesBuildPhase;
			buildActionMask = 2147483647;
			dstPath = "";
			dstSubfolderSpec = 10;
			files = (
			);
			runOnlyForDeploymentPostprocessing = 0;
		};
/* End PBXCopyFilesBuildPhase section */

/* Begin PBXFileReference section */
		070CD5D50F4113AC003EA9D0 /* SparklerUpdateDriver.h */ = {isa = PBXFileReference; fileEncoding = 4; lastKnownFileType = sourcecode.c.h; path = SparklerUpdateDriver.h; sourceTree = "<group>"; };
		070CD5D60F4113AC003EA9D0 /* SparklerUpdateDriver.m */ = {isa = PBXFileReference; fileEncoding = 4; lastKnownFileType = sourcecode.c.objc; path = SparklerUpdateDriver.m; sourceTree = "<group>"; };
		070CD5D70F4113AC003EA9D0 /* SparklerUpdateEngine.h */ = {isa = PBXFileReference; fileEncoding = 4; lastKnownFileType = sourcecode.c.h; path = SparklerUpdateEngine.h; sourceTree = "<group>"; };
		070CD5D80F4113AC003EA9D0 /* SparklerUpdateEngine.m */ = {isa = PBXFileReference; fileEncoding = 4; lastKnownFileType = sourcecode.c.objc; path = SparklerUpdateEngine.m; sourceTree = "<group>"; };
		070CD5D90F4113AC003EA9D0 /* SparklerUpdateMonitor.h */ = {isa = PBXFileReference; fileEncoding = 4; lastKnownFileType = sourcecode.c.h; path = SparklerUpdateMonitor.h; sourceTree = "<group>"; };
		070CD5DA0F4113AC003EA9D0 /* SparklerUpdateMonitor.m */ = {isa = PBXFileReference; fileEncoding = 4; lastKnownFileType = sourcecode.c.objc; path = SparklerUpdateMonitor.m; sourceTree = "<group>"; };
		0717DEF50F3D404E00B56132 /* Sparkle.framework */ = {isa = PBXFileReference; lastKnownFileType = wrapper.framework; name = Sparkle.framework; path = /Library/Frameworks/Sparkle.framework; sourceTree = "<absolute>"; };
		071F0AF10EF2B04E00F9ED3E /* English */ = {isa = PBXFileReference; fileEncoding = 4; lastKnownFileType = text.plist.strings; name = English; path = "Languages/English.lproj/Sparkler-InfoPlist.strings"; sourceTree = "<group>"; };
		071F0AF30EF2B04E00F9ED3E /* English */ = {isa = PBXFileReference; lastKnownFileType = file.xib; name = English; path = Languages/English.lproj/Sparkler.xib; sourceTree = "<group>"; };
		071F0AF70EF2B05C00F9ED3E /* English */ = {isa = PBXFileReference; fileEncoding = 4; lastKnownFileType = text.plist.strings; name = English; path = "Languages/English.lproj/SparklerHelper-InfoPlist.strings"; sourceTree = "<group>"; };
		071F0AF90EF2B05C00F9ED3E /* English */ = {isa = PBXFileReference; lastKnownFileType = file.xib; name = English; path = Languages/English.lproj/SparklerHelper.xib; sourceTree = "<group>"; };
		071F0B0D0EF2B36A00F9ED3E /* SparklerPreferencePaneProtocol.h */ = {isa = PBXFileReference; fileEncoding = 4; lastKnownFileType = sourcecode.c.h; path = SparklerPreferencePaneProtocol.h; sourceTree = "<group>"; };
		071F0B1C0EF2B3E100F9ED3E /* SparklerPreferencesWindowController.h */ = {isa = PBXFileReference; fileEncoding = 4; lastKnownFileType = sourcecode.c.h; path = SparklerPreferencesWindowController.h; sourceTree = "<group>"; };
		071F0B1D0EF2B3E100F9ED3E /* SparklerPreferencesWindowController.m */ = {isa = PBXFileReference; fileEncoding = 4; lastKnownFileType = sourcecode.c.objc; path = SparklerPreferencesWindowController.m; sourceTree = "<group>"; };
		071F0F700EF34CAF00F9ED3E /* SparklerPreferencePaneManager.h */ = {isa = PBXFileReference; fileEncoding = 4; lastKnownFileType = sourcecode.c.h; path = SparklerPreferencePaneManager.h; sourceTree = "<group>"; };
		071F0F710EF34CAF00F9ED3E /* SparklerPreferencePaneManager.m */ = {isa = PBXFileReference; fileEncoding = 4; lastKnownFileType = sourcecode.c.objc; path = SparklerPreferencePaneManager.m; sourceTree = "<group>"; };
		071F0FD20EF359B400F9ED3E /* General Preferences.tiff */ = {isa = PBXFileReference; lastKnownFileType = image.tiff; name = "General Preferences.tiff"; path = "Resources/Icons/Toolbar Icons/General Preferences.tiff"; sourceTree = "<group>"; };
		0760006E0F425CED00B1FA19 /* Common.xcconfig */ = {isa = PBXFileReference; fileEncoding = 4; lastKnownFileType = text.xcconfig; name = Common.xcconfig; path = Configurations/Common.xcconfig; sourceTree = "<group>"; };
		0760006F0F425CED00B1FA19 /* CommonDevelopment.xcconfig */ = {isa = PBXFileReference; fileEncoding = 4; lastKnownFileType = text.xcconfig; name = CommonDevelopment.xcconfig; path = Configurations/CommonDevelopment.xcconfig; sourceTree = "<group>"; };
		076000700F425CED00B1FA19 /* CommonRelease.xcconfig */ = {isa = PBXFileReference; fileEncoding = 4; lastKnownFileType = text.xcconfig; name = CommonRelease.xcconfig; path = Configurations/CommonRelease.xcconfig; sourceTree = "<group>"; };
		076000710F425CED00B1FA19 /* Sparkler.xcconfig */ = {isa = PBXFileReference; fileEncoding = 4; lastKnownFileType = text.xcconfig; name = Sparkler.xcconfig; path = Configurations/Sparkler.xcconfig; sourceTree = "<group>"; };
		076000720F425CED00B1FA19 /* SparklerDevelopment.xcconfig */ = {isa = PBXFileReference; fileEncoding = 4; lastKnownFileType = text.xcconfig; name = SparklerDevelopment.xcconfig; path = Configurations/SparklerDevelopment.xcconfig; sourceTree = "<group>"; };
		076000730F425CED00B1FA19 /* SparklerHelper.xcconfig */ = {isa = PBXFileReference; fileEncoding = 4; lastKnownFileType = text.xcconfig; name = SparklerHelper.xcconfig; path = Configurations/SparklerHelper.xcconfig; sourceTree = "<group>"; };
		076000740F425CED00B1FA19 /* SparklerHelperDevelopment.xcconfig */ = {isa = PBXFileReference; fileEncoding = 4; lastKnownFileType = text.xcconfig; name = SparklerHelperDevelopment.xcconfig; path = Configurations/SparklerHelperDevelopment.xcconfig; sourceTree = "<group>"; };
		076000750F425CED00B1FA19 /* SparklerHelperRelease.xcconfig */ = {isa = PBXFileReference; fileEncoding = 4; lastKnownFileType = text.xcconfig; name = SparklerHelperRelease.xcconfig; path = Configurations/SparklerHelperRelease.xcconfig; sourceTree = "<group>"; };
		076000760F425CED00B1FA19 /* SparklerRelease.xcconfig */ = {isa = PBXFileReference; fileEncoding = 4; lastKnownFileType = text.xcconfig; name = SparklerRelease.xcconfig; path = Configurations/SparklerRelease.xcconfig; sourceTree = "<group>"; };
		078DD7FA0EF20B8C00C6997D /* SparklerHelper.app */ = {isa = PBXFileReference; explicitFileType = wrapper.application; includeInIndex = 0; path = SparklerHelper.app; sourceTree = BUILT_PRODUCTS_DIR; };
		078DD7FC0EF20B8C00C6997D /* SparklerHelper-Info.plist */ = {isa = PBXFileReference; lastKnownFileType = text.plist.xml; name = "SparklerHelper-Info.plist"; path = "Resources/Property Lists/SparklerHelper-Info.plist"; sourceTree = "<group>"; };
		078DD8230EF20D1B00C6997D /* Defaults.plist */ = {isa = PBXFileReference; fileEncoding = 4; lastKnownFileType = text.plist.xml; name = Defaults.plist; path = "Resources/Property Lists/Defaults.plist"; sourceTree = "<group>"; };
		078DD84B0EF20F2400C6997D /* SparklerHelperController.h */ = {isa = PBXFileReference; fileEncoding = 4; lastKnownFileType = sourcecode.c.h; path = SparklerHelperController.h; sourceTree = "<group>"; };
		078DD84C0EF20F2400C6997D /* SparklerHelperController.m */ = {isa = PBXFileReference; fileEncoding = 4; lastKnownFileType = sourcecode.c.objc; path = SparklerHelperController.m; sourceTree = "<group>"; };
		078DD8520EF20F7700C6997D /* SparklerApplicationScanner.h */ = {isa = PBXFileReference; fileEncoding = 4; lastKnownFileType = sourcecode.c.h; path = SparklerApplicationScanner.h; sourceTree = "<group>"; };
		078DD8530EF20F7700C6997D /* SparklerApplicationScanner.m */ = {isa = PBXFileReference; fileEncoding = 4; lastKnownFileType = sourcecode.c.objc; path = SparklerApplicationScanner.m; sourceTree = "<group>"; };
		078DD8560EF20F7700C6997D /* SparklerUtilities.h */ = {isa = PBXFileReference; fileEncoding = 4; lastKnownFileType = sourcecode.c.h; path = SparklerUtilities.h; sourceTree = "<group>"; };
		078DD8570EF20F7700C6997D /* SparklerUtilities.m */ = {isa = PBXFileReference; fileEncoding = 4; lastKnownFileType = sourcecode.c.objc; path = SparklerUtilities.m; sourceTree = "<group>"; };
		078DD8660EF20FB900C6997D /* SparklerApplicationController.h */ = {isa = PBXFileReference; fileEncoding = 4; lastKnownFileType = sourcecode.c.h; path = SparklerApplicationController.h; sourceTree = "<group>"; };
		078DD8670EF20FB900C6997D /* SparklerApplicationController.m */ = {isa = PBXFileReference; fileEncoding = 4; lastKnownFileType = sourcecode.c.objc; path = SparklerApplicationController.m; sourceTree = "<group>"; };
		078DD8830EF210F100C6997D /* SparklerConstants.h */ = {isa = PBXFileReference; fileEncoding = 4; lastKnownFileType = sourcecode.c.h; path = SparklerConstants.h; sourceTree = "<group>"; };
		078DD8840EF210F100C6997D /* SparklerTextFieldCell.h */ = {isa = PBXFileReference; fileEncoding = 4; lastKnownFileType = sourcecode.c.h; path = SparklerTextFieldCell.h; sourceTree = "<group>"; };
		078DD8850EF210F100C6997D /* SparklerTextFieldCell.m */ = {isa = PBXFileReference; fileEncoding = 4; lastKnownFileType = sourcecode.c.objc; path = SparklerTextFieldCell.m; sourceTree = "<group>"; };
		07A366640EF423BC00E78A70 /* English */ = {isa = PBXFileReference; lastKnownFileType = file.xib; name = English; path = Languages/English.lproj/SparklerGeneralPreferencePane.xib; sourceTree = "<group>"; };
		07ACE3CC0EF4EC0000DF1D36 /* English */ = {isa = PBXFileReference; lastKnownFileType = file.xib; name = English; path = Languages/English.lproj/SparklerApplicationUpdatesWindow.xib; sourceTree = "<group>"; };
		07ACE4CA0EF57CD400DF1D36 /* QuartzCore.framework */ = {isa = PBXFileReference; lastKnownFileType = wrapper.framework; name = QuartzCore.framework; path = /System/Library/Frameworks/QuartzCore.framework; sourceTree = "<absolute>"; };
		07ACE5AD0EF58E8100DF1D36 /* SparklerApplicationsDataSource.h */ = {isa = PBXFileReference; fileEncoding = 4; lastKnownFileType = sourcecode.c.h; path = SparklerApplicationsDataSource.h; sourceTree = "<group>"; };
		07ACE5AE0EF58E8100DF1D36 /* SparklerApplicationsDataSource.m */ = {isa = PBXFileReference; fileEncoding = 4; lastKnownFileType = sourcecode.c.objc; path = SparklerApplicationsDataSource.m; sourceTree = "<group>"; };
		07ACE6130EF5956A00DF1D36 /* SparklerApplicationScannerDelegate.h */ = {isa = PBXFileReference; fileEncoding = 4; lastKnownFileType = sourcecode.c.h; path = SparklerApplicationScannerDelegate.h; sourceTree = "<group>"; };
		07ACE7C20EF5DC8200DF1D36 /* SparklerTargetedApplication.h */ = {isa = PBXFileReference; fileEncoding = 4; lastKnownFileType = sourcecode.c.h; path = SparklerTargetedApplication.h; sourceTree = "<group>"; };
		07ACE7C30EF5DC8200DF1D36 /* SparklerTargetedApplication.m */ = {isa = PBXFileReference; fileEncoding = 4; lastKnownFileType = sourcecode.c.objc; path = SparklerTargetedApplication.m; sourceTree = "<group>"; };
		07ACE7D10EF5DD9700DF1D36 /* SparklerTargetedApplicationManager.h */ = {isa = PBXFileReference; fileEncoding = 4; lastKnownFileType = sourcecode.c.h; path = SparklerTargetedApplicationManager.h; sourceTree = "<group>"; };
		07ACE7D20EF5DD9700DF1D36 /* SparklerTargetedApplicationManager.m */ = {isa = PBXFileReference; fileEncoding = 4; lastKnownFileType = sourcecode.c.objc; path = SparklerTargetedApplicationManager.m; sourceTree = "<group>"; };
		07BDB2C10EF4CDA9003D52CA /* English */ = {isa = PBXFileReference; lastKnownFileType = file.xib; name = English; path = Languages/English.lproj/SparklerPreferencesWindow.xib; sourceTree = "<group>"; };
		07CD901A0EF743C80053BCAF /* English */ = {isa = PBXFileReference; lastKnownFileType = file.xib; name = English; path = Languages/English.lproj/SparklerUpdatesPreferencePane.xib; sourceTree = "<group>"; };
		07CD90270EF74A2F0053BCAF /* Update Preferences.tiff */ = {isa = PBXFileReference; lastKnownFileType = image.tiff; name = "Update Preferences.tiff"; path = "Resources/Icons/Toolbar Icons/Update Preferences.tiff"; sourceTree = "<group>"; };
		07CD90360EF74E800053BCAF /* PreferencePanes.plist */ = {isa = PBXFileReference; fileEncoding = 4; lastKnownFileType = text.plist.xml; name = PreferencePanes.plist; path = "Resources/Property Lists/PreferencePanes.plist"; sourceTree = "<group>"; };
		07CD90950EF86D440053BCAF /* SparklerApplicationsPreferencePane.h */ = {isa = PBXFileReference; fileEncoding = 4; lastKnownFileType = sourcecode.c.h; name = SparklerApplicationsPreferencePane.h; path = PreferencePanes/SparklerApplicationsPreferencePane.h; sourceTree = "<group>"; };
		07CD90960EF86D440053BCAF /* SparklerApplicationsPreferencePane.m */ = {isa = PBXFileReference; fileEncoding = 4; lastKnownFileType = sourcecode.c.objc; name = SparklerApplicationsPreferencePane.m; path = PreferencePanes/SparklerApplicationsPreferencePane.m; sourceTree = "<group>"; };
		07CD90970EF86D440053BCAF /* SparklerGeneralPreferencePane.h */ = {isa = PBXFileReference; fileEncoding = 4; lastKnownFileType = sourcecode.c.h; name = SparklerGeneralPreferencePane.h; path = PreferencePanes/SparklerGeneralPreferencePane.h; sourceTree = "<group>"; };
		07CD90980EF86D440053BCAF /* SparklerGeneralPreferencePane.m */ = {isa = PBXFileReference; fileEncoding = 4; lastKnownFileType = sourcecode.c.objc; name = SparklerGeneralPreferencePane.m; path = PreferencePanes/SparklerGeneralPreferencePane.m; sourceTree = "<group>"; };
		07CD90990EF86D440053BCAF /* SparklerUpdatesPreferencePane.h */ = {isa = PBXFileReference; fileEncoding = 4; lastKnownFileType = sourcecode.c.h; name = SparklerUpdatesPreferencePane.h; path = PreferencePanes/SparklerUpdatesPreferencePane.h; sourceTree = "<group>"; };
		07CD909A0EF86D440053BCAF /* SparklerUpdatesPreferencePane.m */ = {isa = PBXFileReference; fileEncoding = 4; lastKnownFileType = sourcecode.c.objc; name = SparklerUpdatesPreferencePane.m; path = PreferencePanes/SparklerUpdatesPreferencePane.m; sourceTree = "<group>"; };
		07CD90BA0EF86E4C0053BCAF /* SparklerPreferencePane.h */ = {isa = PBXFileReference; fileEncoding = 4; lastKnownFileType = sourcecode.c.h; path = SparklerPreferencePane.h; sourceTree = "<group>"; };
		07CD90BB0EF86E4C0053BCAF /* SparklerPreferencePane.m */ = {isa = PBXFileReference; fileEncoding = 4; lastKnownFileType = sourcecode.c.objc; path = SparklerPreferencePane.m; sourceTree = "<group>"; };
		07D3959D0EF4E0A0006583F2 /* Application Preferences.tiff */ = {isa = PBXFileReference; lastKnownFileType = image.tiff; name = "Application Preferences.tiff"; path = "Resources/Icons/Toolbar Icons/Application Preferences.tiff"; sourceTree = "<group>"; };
		07D395A30EF4E1BB006583F2 /* English */ = {isa = PBXFileReference; lastKnownFileType = file.xib; name = English; path = Languages/English.lproj/SparklerApplicationsPreferencePane.xib; sourceTree = "<group>"; };
		1058C7A1FEA54F0111CA2CBB /* Cocoa.framework */ = {isa = PBXFileReference; lastKnownFileType = wrapper.framework; name = Cocoa.framework; path = /System/Library/Frameworks/Cocoa.framework; sourceTree = "<absolute>"; };
		13E42FB307B3F0F600E4EEF1 /* CoreData.framework */ = {isa = PBXFileReference; lastKnownFileType = wrapper.framework; name = CoreData.framework; path = /System/Library/Frameworks/CoreData.framework; sourceTree = "<absolute>"; };
		29B97316FDCFA39411CA2CEA /* main.m */ = {isa = PBXFileReference; fileEncoding = 4; lastKnownFileType = sourcecode.c.objc; path = main.m; sourceTree = "<group>"; };
		29B97324FDCFA39411CA2CEA /* AppKit.framework */ = {isa = PBXFileReference; lastKnownFileType = wrapper.framework; name = AppKit.framework; path = /System/Library/Frameworks/AppKit.framework; sourceTree = "<absolute>"; };
		29B97325FDCFA39411CA2CEA /* Foundation.framework */ = {isa = PBXFileReference; lastKnownFileType = wrapper.framework; name = Foundation.framework; path = /System/Library/Frameworks/Foundation.framework; sourceTree = "<absolute>"; };
		32CA4F630368D1EE00C91783 /* Sparkler.pch */ = {isa = PBXFileReference; fileEncoding = 4; lastKnownFileType = sourcecode.c.h; path = Sparkler.pch; sourceTree = "<group>"; };
		8D1107310486CEB800E47090 /* Sparkler-Info.plist */ = {isa = PBXFileReference; fileEncoding = 4; lastKnownFileType = text.plist.xml; name = "Sparkler-Info.plist"; path = "Resources/Property Lists/Sparkler-Info.plist"; sourceTree = "<group>"; };
		8D1107320486CEB800E47090 /* Sparkler.app */ = {isa = PBXFileReference; explicitFileType = wrapper.application; includeInIndex = 0; path = Sparkler.app; sourceTree = BUILT_PRODUCTS_DIR; };
/* End PBXFileReference section */

/* Begin PBXFrameworksBuildPhase section */
		078DD7F80EF20B8C00C6997D /* Frameworks */ = {
			isa = PBXFrameworksBuildPhase;
			buildActionMask = 2147483647;
			files = (
				078DD8440EF20ED400C6997D /* Cocoa.framework in Frameworks */,
			);
			runOnlyForDeploymentPostprocessing = 0;
		};
		8D11072E0486CEB800E47090 /* Frameworks */ = {
			isa = PBXFrameworksBuildPhase;
			buildActionMask = 2147483647;
			files = (
				8D11072F0486CEB800E47090 /* Cocoa.framework in Frameworks */,
				070CD5A00F41115F003EA9D0 /* Sparkle.framework in Frameworks */,
				07ACE4CB0EF57CD400DF1D36 /* QuartzCore.framework in Frameworks */,
			);
			runOnlyForDeploymentPostprocessing = 0;
		};
/* End PBXFrameworksBuildPhase section */

/* Begin PBXGroup section */
		071F0FD00EF3599E00F9ED3E /* Icons */ = {
			isa = PBXGroup;
			children = (
				071F0FD10EF359A300F9ED3E /* Toolbar Icons */,
			);
			name = Icons;
			sourceTree = "<group>";
		};
		071F0FD10EF359A300F9ED3E /* Toolbar Icons */ = {
			isa = PBXGroup;
			children = (
				07D3959D0EF4E0A0006583F2 /* Application Preferences.tiff */,
				071F0FD20EF359B400F9ED3E /* General Preferences.tiff */,
				07CD90270EF74A2F0053BCAF /* Update Preferences.tiff */,
			);
			name = "Toolbar Icons";
			sourceTree = "<group>";
		};
		071F101B0EF35EA400F9ED3E /* Protocols */ = {
			isa = PBXGroup;
			children = (
				071F0B0D0EF2B36A00F9ED3E /* SparklerPreferencePaneProtocol.h */,
			);
			name = Protocols;
			sourceTree = "<group>";
		};
		071F101C0EF35EB800F9ED3E /* Preference Panes */ = {
			isa = PBXGroup;
			children = (
				07CD90950EF86D440053BCAF /* SparklerApplicationsPreferencePane.h */,
				07CD90960EF86D440053BCAF /* SparklerApplicationsPreferencePane.m */,
				07CD90970EF86D440053BCAF /* SparklerGeneralPreferencePane.h */,
				07CD90980EF86D440053BCAF /* SparklerGeneralPreferencePane.m */,
				07CD90990EF86D440053BCAF /* SparklerUpdatesPreferencePane.h */,
				07CD909A0EF86D440053BCAF /* SparklerUpdatesPreferencePane.m */,
			);
			name = "Preference Panes";
			sourceTree = "<group>";
		};
		071F101E0EF35F0300F9ED3E /* Models */ = {
			isa = PBXGroup;
			children = (
				07CD90BA0EF86E4C0053BCAF /* SparklerPreferencePane.h */,
				07CD90BB0EF86E4C0053BCAF /* SparklerPreferencePane.m */,
				07ACE7C20EF5DC8200DF1D36 /* SparklerTargetedApplication.h */,
				07ACE7C30EF5DC8200DF1D36 /* SparklerTargetedApplication.m */,
			);
			name = Models;
			sourceTree = "<group>";
		};
		071F101F0EF35F1300F9ED3E /* Controllers */ = {
			isa = PBXGroup;
			children = (
				078DD8660EF20FB900C6997D /* SparklerApplicationController.h */,
				078DD8670EF20FB900C6997D /* SparklerApplicationController.m */,
				07ACE5AD0EF58E8100DF1D36 /* SparklerApplicationsDataSource.h */,
				07ACE5AE0EF58E8100DF1D36 /* SparklerApplicationsDataSource.m */,
				078DD84B0EF20F2400C6997D /* SparklerHelperController.h */,
				078DD84C0EF20F2400C6997D /* SparklerHelperController.m */,
				071F0B1C0EF2B3E100F9ED3E /* SparklerPreferencesWindowController.h */,
				071F0B1D0EF2B3E100F9ED3E /* SparklerPreferencesWindowController.m */,
			);
			name = Controllers;
			sourceTree = "<group>";
		};
		071F10200EF35F2B00F9ED3E /* Views */ = {
			isa = PBXGroup;
			children = (
				078DD8840EF210F100C6997D /* SparklerTextFieldCell.h */,
				078DD8850EF210F100C6997D /* SparklerTextFieldCell.m */,
			);
			name = Views;
			sourceTree = "<group>";
		};
		071F10210EF35F6B00F9ED3E /* Common */ = {
			isa = PBXGroup;
			children = (
				07ACE6120EF5954B00DF1D36 /* Delegates */,
				071F101B0EF35EA400F9ED3E /* Protocols */,
				078DD8520EF20F7700C6997D /* SparklerApplicationScanner.h */,
				078DD8530EF20F7700C6997D /* SparklerApplicationScanner.m */,
				071F0F700EF34CAF00F9ED3E /* SparklerPreferencePaneManager.h */,
				071F0F710EF34CAF00F9ED3E /* SparklerPreferencePaneManager.m */,
				07ACE7D10EF5DD9700DF1D36 /* SparklerTargetedApplicationManager.h */,
				07ACE7D20EF5DD9700DF1D36 /* SparklerTargetedApplicationManager.m */,
				078DD8560EF20F7700C6997D /* SparklerUtilities.h */,
				078DD8570EF20F7700C6997D /* SparklerUtilities.m */,
			);
			name = Common;
			sourceTree = "<group>";
		};
		071F10220EF35FCF00F9ED3E /* Property Lists */ = {
			isa = PBXGroup;
			children = (
				078DD8230EF20D1B00C6997D /* Defaults.plist */,
				07CD90360EF74E800053BCAF /* PreferencePanes.plist */,
				8D1107310486CEB800E47090 /* Sparkler-Info.plist */,
				071F0AF00EF2B04E00F9ED3E /* Sparkler-InfoPlist.strings */,
				078DD7FC0EF20B8C00C6997D /* SparklerHelper-Info.plist */,
				071F0AF60EF2B05C00F9ED3E /* SparklerHelper-InfoPlist.strings */,
			);
			name = "Property Lists";
			sourceTree = "<group>";
		};
		071F10230EF35FEA00F9ED3E /* Interface Builder */ = {
			isa = PBXGroup;
			children = (
				071F0AF20EF2B04E00F9ED3E /* Sparkler.xib */,
				07D395A20EF4E1BB006583F2 /* SparklerApplicationsPreferencePane.xib */,
				07ACE3CB0EF4EC0000DF1D36 /* SparklerApplicationUpdatesWindow.xib */,
				07A366630EF423BC00E78A70 /* SparklerGeneralPreferencePane.xib */,
				071F0AF80EF2B05C00F9ED3E /* SparklerHelper.xib */,
				07BDB2C00EF4CDA9003D52CA /* SparklerPreferencesWindow.xib */,
				07CD90190EF743C80053BCAF /* SparklerUpdatesPreferencePane.xib */,
			);
			name = "Interface Builder";
			sourceTree = "<group>";
		};
		0760006D0F425CDC00B1FA19 /* Configurations */ = {
			isa = PBXGroup;
			children = (
				0760006E0F425CED00B1FA19 /* Common.xcconfig */,
				0760006F0F425CED00B1FA19 /* CommonDevelopment.xcconfig */,
				076000700F425CED00B1FA19 /* CommonRelease.xcconfig */,
				076000710F425CED00B1FA19 /* Sparkler.xcconfig */,
				076000720F425CED00B1FA19 /* SparklerDevelopment.xcconfig */,
				076000730F425CED00B1FA19 /* SparklerHelper.xcconfig */,
				076000740F425CED00B1FA19 /* SparklerHelperDevelopment.xcconfig */,
				076000750F425CED00B1FA19 /* SparklerHelperRelease.xcconfig */,
				076000760F425CED00B1FA19 /* SparklerRelease.xcconfig */,
			);
			name = Configurations;
			sourceTree = "<group>";
		};
		077C08D60F3BB26200766F11 /* Images */ = {
			isa = PBXGroup;
			children = (
				071F0FD00EF3599E00F9ED3E /* Icons */,
			);
			name = Images;
			sourceTree = "<group>";
		};
		077C09B90F3BBF7700766F11 /* Update Engine */ = {
			isa = PBXGroup;
			children = (
				070CD5D50F4113AC003EA9D0 /* SparklerUpdateDriver.h */,
				070CD5D60F4113AC003EA9D0 /* SparklerUpdateDriver.m */,
				070CD5D70F4113AC003EA9D0 /* SparklerUpdateEngine.h */,
				070CD5D80F4113AC003EA9D0 /* SparklerUpdateEngine.m */,
				070CD5D90F4113AC003EA9D0 /* SparklerUpdateMonitor.h */,
				070CD5DA0F4113AC003EA9D0 /* SparklerUpdateMonitor.m */,
			);
			name = "Update Engine";
			sourceTree = "<group>";
		};
		07ACE6120EF5954B00DF1D36 /* Delegates */ = {
			isa = PBXGroup;
			children = (
				07ACE6130EF5956A00DF1D36 /* SparklerApplicationScannerDelegate.h */,
			);
			name = Delegates;
			sourceTree = "<group>";
		};
		080E96DDFE201D6D7F000001 /* Classes */ = {
			isa = PBXGroup;
			children = (
				071F10210EF35F6B00F9ED3E /* Common */,
				071F101F0EF35F1300F9ED3E /* Controllers */,
				071F101E0EF35F0300F9ED3E /* Models */,
				071F10200EF35F2B00F9ED3E /* Views */,
			);
			name = Classes;
			sourceTree = "<group>";
		};
		1058C7A0FEA54F0111CA2CBB /* Linked Frameworks */ = {
			isa = PBXGroup;
			children = (
				1058C7A1FEA54F0111CA2CBB /* Cocoa.framework */,
				0717DEF50F3D404E00B56132 /* Sparkle.framework */,
				07ACE4CA0EF57CD400DF1D36 /* QuartzCore.framework */,
			);
			name = "Linked Frameworks";
			sourceTree = "<group>";
		};
		1058C7A2FEA54F0111CA2CBB /* Other Frameworks */ = {
			isa = PBXGroup;
			children = (
				29B97324FDCFA39411CA2CEA /* AppKit.framework */,
				13E42FB307B3F0F600E4EEF1 /* CoreData.framework */,
				29B97325FDCFA39411CA2CEA /* Foundation.framework */,
			);
			name = "Other Frameworks";
			sourceTree = "<group>";
		};
		19C28FACFE9D520D11CA2CBB /* Products */ = {
			isa = PBXGroup;
			children = (
				8D1107320486CEB800E47090 /* Sparkler.app */,
				078DD7FA0EF20B8C00C6997D /* SparklerHelper.app */,
			);
			name = Products;
			sourceTree = "<group>";
		};
		29B97314FDCFA39411CA2CEA /* Sparkler */ = {
			isa = PBXGroup;
			children = (
				080E96DDFE201D6D7F000001 /* Classes */,
				071F101C0EF35EB800F9ED3E /* Preference Panes */,
				077C09B90F3BBF7700766F11 /* Update Engine */,
				29B97315FDCFA39411CA2CEA /* Other Sources */,
				29B97317FDCFA39411CA2CEA /* Resources */,
				29B97323FDCFA39411CA2CEA /* Frameworks */,
				19C28FACFE9D520D11CA2CBB /* Products */,
			);
			name = Sparkler;
			sourceTree = "<group>";
		};
		29B97315FDCFA39411CA2CEA /* Other Sources */ = {
			isa = PBXGroup;
			children = (
				29B97316FDCFA39411CA2CEA /* main.m */,
				32CA4F630368D1EE00C91783 /* Sparkler.pch */,
				078DD8830EF210F100C6997D /* SparklerConstants.h */,
			);
			name = "Other Sources";
			sourceTree = "<group>";
		};
		29B97317FDCFA39411CA2CEA /* Resources */ = {
			isa = PBXGroup;
			children = (
				0760006D0F425CDC00B1FA19 /* Configurations */,
				077C08D60F3BB26200766F11 /* Images */,
				071F10230EF35FEA00F9ED3E /* Interface Builder */,
				071F10220EF35FCF00F9ED3E /* Property Lists */,
			);
			name = Resources;
			sourceTree = "<group>";
		};
		29B97323FDCFA39411CA2CEA /* Frameworks */ = {
			isa = PBXGroup;
			children = (
				1058C7A0FEA54F0111CA2CBB /* Linked Frameworks */,
				1058C7A2FEA54F0111CA2CBB /* Other Frameworks */,
			);
			name = Frameworks;
			sourceTree = "<group>";
		};
/* End PBXGroup section */

/* Begin PBXNativeTarget section */
		078DD7F90EF20B8C00C6997D /* SparklerHelper */ = {
			isa = PBXNativeTarget;
			buildConfigurationList = 078DD7FF0EF20B8D00C6997D /* Build configuration list for PBXNativeTarget "SparklerHelper" */;
			buildPhases = (
				078DD7F60EF20B8C00C6997D /* Resources */,
				07AD3FC60EFEAE83003B0B36 /* CopyFiles */,
				078DD7F70EF20B8C00C6997D /* Sources */,
				078DD7F80EF20B8C00C6997D /* Frameworks */,
			);
			buildRules = (
			);
			dependencies = (
			);
			name = SparklerHelper;
			productName = SparklerHelper;
			productReference = 078DD7FA0EF20B8C00C6997D /* SparklerHelper.app */;
			productType = "com.apple.product-type.application";
		};
		8D1107260486CEB800E47090 /* Sparkler */ = {
			isa = PBXNativeTarget;
			buildConfigurationList = C01FCF4A08A954540054247B /* Build configuration list for PBXNativeTarget "Sparkler" */;
			buildPhases = (
				8D1107290486CEB800E47090 /* Resources */,
				07AD3FB10EFEADEA003B0B36 /* CopyFiles */,
				8D11072C0486CEB800E47090 /* Sources */,
				8D11072E0486CEB800E47090 /* Frameworks */,
				0719F6AB0F410B9400748AAB /* Run Script: Include Git commit hash */,
			);
			buildRules = (
			);
			dependencies = (
				078DD8010EF20BD200C6997D /* PBXTargetDependency */,
			);
			name = Sparkler;
			productInstallPath = "$(HOME)/Applications";
			productName = Sparkler;
			productReference = 8D1107320486CEB800E47090 /* Sparkler.app */;
			productType = "com.apple.product-type.application";
		};
/* End PBXNativeTarget section */

/* Begin PBXProject section */
		29B97313FDCFA39411CA2CEA /* Project object */ = {
			isa = PBXProject;
			buildConfigurationList = C01FCF4E08A954540054247B /* Build configuration list for PBXProject "Sparkler" */;
			compatibilityVersion = "Xcode 3.1";
			hasScannedForEncodings = 1;
			mainGroup = 29B97314FDCFA39411CA2CEA /* Sparkler */;
			projectDirPath = "";
			projectRoot = "";
			targets = (
				8D1107260486CEB800E47090 /* Sparkler */,
				078DD7F90EF20B8C00C6997D /* SparklerHelper */,
			);
		};
/* End PBXProject section */

/* Begin PBXResourcesBuildPhase section */
		078DD7F60EF20B8C00C6997D /* Resources */ = {
			isa = PBXResourcesBuildPhase;
			buildActionMask = 2147483647;
			files = (
				07ACE3CE0EF4EC0000DF1D36 /* SparklerApplicationUpdatesWindow.xib in Resources */,
				071F0AFA0EF2B05C00F9ED3E /* SparklerHelper-InfoPlist.strings in Resources */,
				071F0AFB0EF2B05C00F9ED3E /* SparklerHelper.xib in Resources */,
			);
			runOnlyForDeploymentPostprocessing = 0;
		};
		8D1107290486CEB800E47090 /* Resources */ = {
			isa = PBXResourcesBuildPhase;
			buildActionMask = 2147483647;
			files = (
				07D3959E0EF4E0A0006583F2 /* Application Preferences.tiff in Resources */,
				078DD8240EF20D1B00C6997D /* Defaults.plist in Resources */,
				071F0FD30EF359B400F9ED3E /* General Preferences.tiff in Resources */,
				07CD90370EF74E800053BCAF /* PreferencePanes.plist in Resources */,
				071F0AF40EF2B04E00F9ED3E /* Sparkler-InfoPlist.strings in Resources */,
				071F0AF50EF2B04E00F9ED3E /* Sparkler.xib in Resources */,
				07D395A40EF4E1BB006583F2 /* SparklerApplicationsPreferencePane.xib in Resources */,
				07ACE3CD0EF4EC0000DF1D36 /* SparklerApplicationUpdatesWindow.xib in Resources */,
				07A366650EF423BC00E78A70 /* SparklerGeneralPreferencePane.xib in Resources */,
				078DD8020EF20BE600C6997D /* SparklerHelper.app in Resources */,
				07BDB2C20EF4CDA9003D52CA /* SparklerPreferencesWindow.xib in Resources */,
				07CD901B0EF743C80053BCAF /* SparklerUpdatesPreferencePane.xib in Resources */,
				07CD90280EF74A2F0053BCAF /* Update Preferences.tiff in Resources */,
			);
			runOnlyForDeploymentPostprocessing = 0;
		};
/* End PBXResourcesBuildPhase section */

/* Begin PBXShellScriptBuildPhase section */
		0719F6AB0F410B9400748AAB /* Run Script: Include Git commit hash */ = {
			isa = PBXShellScriptBuildPhase;
			buildActionMask = 2147483647;
			files = (
			);
			inputPaths = (
			);
			name = "Run Script: Include Git commit hash";
			outputPaths = (
			);
			runOnlyForDeploymentPostprocessing = 0;
			shellPath = /usr/bin/ruby;
			shellScript = "# Xcode auto-versioning script for git\n#\n# Based on original Perl script by Marcus S. Zarra and Matt Long at\n#   (http://www.cimgf.com/2008/04/13/git-and-xcode-a-git-build-number-script/)\n \n# fail if not run from Xcode\nraise \"Must be run from Xcode\" unless ENV['XCODE_VERSION_ACTUAL']\n \ninfo_plist = \"#{ENV['BUILT_PRODUCTS_DIR']}/#{ENV['WRAPPER_NAME']}/Contents/Info.plist\"\n \n# Get the current git commit hash\ncommit = `/usr/local/bin/git rev-parse --short HEAD`.chomp!\n \n# open Info.plist and set the CFBundleVersion value to the commit hash\nlines = IO.readlines(info_plist).join\nlines.gsub! /(<key>CFBundleVersion<\\/key>\\n\\t<string>).*?(<\\/string>)/, \"\\\\1#{commit}\\\\2\"\n \n# overwrite the original Info.plist file with our modified version\nFile.open(info_plist, 'w') {|f| f.puts lines}";
		};
/* End PBXShellScriptBuildPhase section */

/* Begin PBXSourcesBuildPhase section */
		078DD7F70EF20B8C00C6997D /* Sources */ = {
			isa = PBXSourcesBuildPhase;
			buildActionMask = 2147483647;
			files = (
				071214CA0F017B5A00FBBDCE /* main.m in Sources */,
				071214CB0F017B5A00FBBDCE /* SparklerHelperController.m in Sources */,
				071214CC0F017B5A00FBBDCE /* SparklerUtilities.m in Sources */,
			);
			runOnlyForDeploymentPostprocessing = 0;
		};
		8D11072C0486CEB800E47090 /* Sources */ = {
			isa = PBXSourcesBuildPhase;
			buildActionMask = 2147483647;
			files = (
				071214B70F017B4E00FBBDCE /* main.m in Sources */,
				071214B80F017B4E00FBBDCE /* SparklerApplicationController.m in Sources */,
				071214B90F017B4E00FBBDCE /* SparklerApplicationScanner.m in Sources */,
				071214BA0F017B4E00FBBDCE /* SparklerApplicationsDataSource.m in Sources */,
				071214BB0F017B4E00FBBDCE /* SparklerApplicationsPreferencePane.m in Sources */,
				071214BC0F017B4E00FBBDCE /* SparklerGeneralPreferencePane.m in Sources */,
				071214BD0F017B4E00FBBDCE /* SparklerPreferencePane.m in Sources */,
				071214BE0F017B4E00FBBDCE /* SparklerPreferencePaneManager.m in Sources */,
				071214BF0F017B4E00FBBDCE /* SparklerPreferencesWindowController.m in Sources */,
				071214C00F017B4E00FBBDCE /* SparklerTargetedApplication.m in Sources */,
				071214C10F017B4E00FBBDCE /* SparklerTargetedApplicationManager.m in Sources */,
				071214C20F017B4E00FBBDCE /* SparklerTextFieldCell.m in Sources */,
				071214C60F017B4E00FBBDCE /* SparklerUpdatesPreferencePane.m in Sources */,
				070CD5DB0F4113AC003EA9D0 /* SparklerUpdateDriver.m in Sources */,
				070CD5DC0F4113AC003EA9D0 /* SparklerUpdateEngine.m in Sources */,
				070CD5DD0F4113AC003EA9D0 /* SparklerUpdateMonitor.m in Sources */,
				071214C70F017B4E00FBBDCE /* SparklerUtilities.m in Sources */,
			);
			runOnlyForDeploymentPostprocessing = 0;
		};
/* End PBXSourcesBuildPhase section */

/* Begin PBXTargetDependency section */
		078DD8010EF20BD200C6997D /* PBXTargetDependency */ = {
			isa = PBXTargetDependency;
			target = 078DD7F90EF20B8C00C6997D /* SparklerHelper */;
			targetProxy = 078DD8000EF20BD200C6997D /* PBXContainerItemProxy */;
		};
/* End PBXTargetDependency section */

/* Begin PBXVariantGroup section */
		071F0AF00EF2B04E00F9ED3E /* Sparkler-InfoPlist.strings */ = {
			isa = PBXVariantGroup;
			children = (
				071F0AF10EF2B04E00F9ED3E /* English */,
			);
			name = "Sparkler-InfoPlist.strings";
			sourceTree = "<group>";
		};
		071F0AF20EF2B04E00F9ED3E /* Sparkler.xib */ = {
			isa = PBXVariantGroup;
			children = (
				071F0AF30EF2B04E00F9ED3E /* English */,
			);
			name = Sparkler.xib;
			sourceTree = "<group>";
		};
		071F0AF60EF2B05C00F9ED3E /* SparklerHelper-InfoPlist.strings */ = {
			isa = PBXVariantGroup;
			children = (
				071F0AF70EF2B05C00F9ED3E /* English */,
			);
			name = "SparklerHelper-InfoPlist.strings";
			sourceTree = "<group>";
		};
		071F0AF80EF2B05C00F9ED3E /* SparklerHelper.xib */ = {
			isa = PBXVariantGroup;
			children = (
				071F0AF90EF2B05C00F9ED3E /* English */,
			);
			name = SparklerHelper.xib;
			sourceTree = "<group>";
		};
		07A366630EF423BC00E78A70 /* SparklerGeneralPreferencePane.xib */ = {
			isa = PBXVariantGroup;
			children = (
				07A366640EF423BC00E78A70 /* English */,
			);
			name = SparklerGeneralPreferencePane.xib;
			sourceTree = "<group>";
		};
		07ACE3CB0EF4EC0000DF1D36 /* SparklerApplicationUpdatesWindow.xib */ = {
			isa = PBXVariantGroup;
			children = (
				07ACE3CC0EF4EC0000DF1D36 /* English */,
			);
			name = SparklerApplicationUpdatesWindow.xib;
			sourceTree = "<group>";
		};
		07BDB2C00EF4CDA9003D52CA /* SparklerPreferencesWindow.xib */ = {
			isa = PBXVariantGroup;
			children = (
				07BDB2C10EF4CDA9003D52CA /* English */,
			);
			name = SparklerPreferencesWindow.xib;
			sourceTree = "<group>";
		};
		07CD90190EF743C80053BCAF /* SparklerUpdatesPreferencePane.xib */ = {
			isa = PBXVariantGroup;
			children = (
				07CD901A0EF743C80053BCAF /* English */,
			);
			name = SparklerUpdatesPreferencePane.xib;
			sourceTree = "<group>";
		};
		07D395A20EF4E1BB006583F2 /* SparklerApplicationsPreferencePane.xib */ = {
			isa = PBXVariantGroup;
			children = (
				07D395A30EF4E1BB006583F2 /* English */,
			);
			name = SparklerApplicationsPreferencePane.xib;
			sourceTree = "<group>";
		};
/* End PBXVariantGroup section */

/* Begin XCBuildConfiguration section */
		078DD7FD0EF20B8D00C6997D /* Development */ = {
			isa = XCBuildConfiguration;
			baseConfigurationReference = 076000740F425CED00B1FA19 /* SparklerHelperDevelopment.xcconfig */;
			buildSettings = {
				FRAMEWORK_SEARCH_PATHS = (
					"$(inherited)",
					"\"$(SRCROOT)/Frameworks\"",
				);
				VERSION_INFO_FILE = "";
			};
			name = Development;
		};
		078DD7FE0EF20B8D00C6997D /* Release */ = {
			isa = XCBuildConfiguration;
			baseConfigurationReference = 076000750F425CED00B1FA19 /* SparklerHelperRelease.xcconfig */;
			buildSettings = {
				FRAMEWORK_SEARCH_PATHS = (
					"$(inherited)",
					"\"$(SRCROOT)/Frameworks\"",
				);
				VERSION_INFO_FILE = "";
			};
			name = Release;
		};
		C01FCF4B08A954540054247B /* Development */ = {
			isa = XCBuildConfiguration;
			baseConfigurationReference = 076000720F425CED00B1FA19 /* SparklerDevelopment.xcconfig */;
			buildSettings = {
				FRAMEWORK_SEARCH_PATHS = (
					"$(inherited)",
					"\"$(SRCROOT)/Frameworks\"",
				);
				VERSION_INFO_FILE = "";
			};
			name = Development;
		};
		C01FCF4C08A954540054247B /* Release */ = {
			isa = XCBuildConfiguration;
			baseConfigurationReference = 076000760F425CED00B1FA19 /* SparklerRelease.xcconfig */;
			buildSettings = {
				FRAMEWORK_SEARCH_PATHS = (
					"$(inherited)",
					"\"$(SRCROOT)/Frameworks\"",
				);
				VERSION_INFO_FILE = "";
			};
			name = Release;
		};
		C01FCF4F08A954540054247B /* Development */ = {
			isa = XCBuildConfiguration;
			baseConfigurationReference = 0760006F0F425CED00B1FA19 /* CommonDevelopment.xcconfig */;
			buildSettings = {
			};
			name = Development;
		};
		C01FCF5008A954540054247B /* Release */ = {
			isa = XCBuildConfiguration;
			baseConfigurationReference = 076000700F425CED00B1FA19 /* CommonRelease.xcconfig */;
			buildSettings = {
			};
			name = Release;
		};
/* End XCBuildConfiguration section */

/* Begin XCConfigurationList section */
		078DD7FF0EF20B8D00C6997D /* Build configuration list for PBXNativeTarget "SparklerHelper" */ = {
			isa = XCConfigurationList;
			buildConfigurations = (
				078DD7FD0EF20B8D00C6997D /* Development */,
				078DD7FE0EF20B8D00C6997D /* Release */,
			);
			defaultConfigurationIsVisible = 0;
			defaultConfigurationName = Release;
		};
		C01FCF4A08A954540054247B /* Build configuration list for PBXNativeTarget "Sparkler" */ = {
			isa = XCConfigurationList;
			buildConfigurations = (
				C01FCF4B08A954540054247B /* Development */,
				C01FCF4C08A954540054247B /* Release */,
			);
			defaultConfigurationIsVisible = 0;
			defaultConfigurationName = Release;
		};
		C01FCF4E08A954540054247B /* Build configuration list for PBXProject "Sparkler" */ = {
			isa = XCConfigurationList;
			buildConfigurations = (
				C01FCF4F08A954540054247B /* Development */,
				C01FCF5008A954540054247B /* Release */,
			);
			defaultConfigurationIsVisible = 0;
			defaultConfigurationName = Release;
		};
/* End XCConfigurationList section */
	};
	rootObject = 29B97313FDCFA39411CA2CEA /* Project object */;
}
