// !$*UTF8*$!
{
	archiveVersion = 1;
	classes = {
	};
	objectVersion = 45;
	objects = {

/* Begin PBXBuildFile section */
		071F0AF40EF2B04E00F9ED3E /* Sparkler-InfoPlist.strings in Resources */ = {isa = PBXBuildFile; fileRef = 071F0AF00EF2B04E00F9ED3E /* Sparkler-InfoPlist.strings */; };
		071F0AF50EF2B04E00F9ED3E /* Sparkler.xib in Resources */ = {isa = PBXBuildFile; fileRef = 071F0AF20EF2B04E00F9ED3E /* Sparkler.xib */; };
		071F0AFA0EF2B05C00F9ED3E /* SparklerHelper-InfoPlist.strings in Resources */ = {isa = PBXBuildFile; fileRef = 071F0AF60EF2B05C00F9ED3E /* SparklerHelper-InfoPlist.strings */; };
		071F0AFB0EF2B05C00F9ED3E /* SparklerHelper.xib in Resources */ = {isa = PBXBuildFile; fileRef = 071F0AF80EF2B05C00F9ED3E /* SparklerHelper.xib */; };
		071F0B1E0EF2B3E100F9ED3E /* SparklerPreferencesWindowController.m in Sources */ = {isa = PBXBuildFile; fileRef = 071F0B1D0EF2B3E100F9ED3E /* SparklerPreferencesWindowController.m */; };
		071F0B8B0EF2BA3E00F9ED3E /* SparklerApplicationMetadata.m in Sources */ = {isa = PBXBuildFile; fileRef = 078DD8510EF20F7700C6997D /* SparklerApplicationMetadata.m */; };
		071F0BD80EF30FFD00F9ED3E /* SparklerPreferences.xib in Resources */ = {isa = PBXBuildFile; fileRef = 071F0BD60EF30FFD00F9ED3E /* SparklerPreferences.xib */; };
		071F0F720EF34CAF00F9ED3E /* SparklerPreferencePaneManager.m in Sources */ = {isa = PBXBuildFile; fileRef = 071F0F710EF34CAF00F9ED3E /* SparklerPreferencePaneManager.m */; };
		071F0F990EF350A400F9ED3E /* Preferences.plist in Resources */ = {isa = PBXBuildFile; fileRef = 071F0F980EF350A400F9ED3E /* Preferences.plist */; };
		071F0FCD0EF3592E00F9ED3E /* SparklerGeneralPreferencePane.m in Sources */ = {isa = PBXBuildFile; fileRef = 071F0FCC0EF3592E00F9ED3E /* SparklerGeneralPreferencePane.m */; };
		071F0FD30EF359B400F9ED3E /* General Preferences.tiff in Resources */ = {isa = PBXBuildFile; fileRef = 071F0FD20EF359B400F9ED3E /* General Preferences.tiff */; };
		078DD8020EF20BE600C6997D /* SparklerHelper.app in Resources */ = {isa = PBXBuildFile; fileRef = 078DD7FA0EF20B8C00C6997D /* SparklerHelper.app */; };
		078DD8240EF20D1B00C6997D /* Defaults.plist in Resources */ = {isa = PBXBuildFile; fileRef = 078DD8230EF20D1B00C6997D /* Defaults.plist */; };
		078DD82B0EF20D7500C6997D /* main.m in Sources */ = {isa = PBXBuildFile; fileRef = 29B97316FDCFA39411CA2CEA /* main.m */; };
		078DD8440EF20ED400C6997D /* Cocoa.framework in Frameworks */ = {isa = PBXBuildFile; fileRef = 1058C7A1FEA54F0111CA2CBB /* Cocoa.framework */; };
		078DD84D0EF20F2400C6997D /* SparklerHelperController.m in Sources */ = {isa = PBXBuildFile; fileRef = 078DD84C0EF20F2400C6997D /* SparklerHelperController.m */; };
		078DD8580EF20F7700C6997D /* SparklerApplicationMetadata.m in Sources */ = {isa = PBXBuildFile; fileRef = 078DD8510EF20F7700C6997D /* SparklerApplicationMetadata.m */; };
		078DD85B0EF20F7700C6997D /* SparklerUtilities.m in Sources */ = {isa = PBXBuildFile; fileRef = 078DD8570EF20F7700C6997D /* SparklerUtilities.m */; };
		078DD8640EF20F9E00C6997D /* SparklerUtilities.m in Sources */ = {isa = PBXBuildFile; fileRef = 078DD8570EF20F7700C6997D /* SparklerUtilities.m */; };
		078DD8680EF20FB900C6997D /* SparklerApplicationController.m in Sources */ = {isa = PBXBuildFile; fileRef = 078DD8670EF20FB900C6997D /* SparklerApplicationController.m */; };
		078DD8860EF210F100C6997D /* SparklerApplicationDataSource.m in Sources */ = {isa = PBXBuildFile; fileRef = 078DD8820EF210F100C6997D /* SparklerApplicationDataSource.m */; };
		078DD8870EF210F100C6997D /* SparklerTextFieldCell.m in Sources */ = {isa = PBXBuildFile; fileRef = 078DD8850EF210F100C6997D /* SparklerTextFieldCell.m */; };
		078DD8D80EF216AF00C6997D /* SparklerApplicationScanner.m in Sources */ = {isa = PBXBuildFile; fileRef = 078DD8530EF20F7700C6997D /* SparklerApplicationScanner.m */; };
		07AACB820EF3626100533AAA /* SparklerGeneralPreferences.xib in Resources */ = {isa = PBXBuildFile; fileRef = 07AACB800EF3626100533AAA /* SparklerGeneralPreferences.xib */; };
		8D11072D0486CEB800E47090 /* main.m in Sources */ = {isa = PBXBuildFile; fileRef = 29B97316FDCFA39411CA2CEA /* main.m */; settings = {ATTRIBUTES = (); }; };
		8D11072F0486CEB800E47090 /* Cocoa.framework in Frameworks */ = {isa = PBXBuildFile; fileRef = 1058C7A1FEA54F0111CA2CBB /* Cocoa.framework */; };
/* End PBXBuildFile section */

/* Begin PBXContainerItemProxy section */
		078DD8000EF20BD200C6997D /* PBXContainerItemProxy */ = {
			isa = PBXContainerItemProxy;
			containerPortal = 29B97313FDCFA39411CA2CEA /* Project object */;
			proxyType = 1;
			remoteGlobalIDString = 078DD7F90EF20B8C00C6997D;
			remoteInfo = SparklerHelper;
		};
/* End PBXContainerItemProxy section */

/* Begin PBXFileReference section */
		071F0AF10EF2B04E00F9ED3E /* English */ = {isa = PBXFileReference; fileEncoding = 4; lastKnownFileType = text.plist.strings; name = English; path = "Languages/English.lproj/Sparkler-InfoPlist.strings"; sourceTree = "<group>"; };
		071F0AF30EF2B04E00F9ED3E /* English */ = {isa = PBXFileReference; lastKnownFileType = file.xib; name = English; path = Languages/English.lproj/Sparkler.xib; sourceTree = "<group>"; };
		071F0AF70EF2B05C00F9ED3E /* English */ = {isa = PBXFileReference; fileEncoding = 4; lastKnownFileType = text.plist.strings; name = English; path = "Languages/English.lproj/SparklerHelper-InfoPlist.strings"; sourceTree = "<group>"; };
		071F0AF90EF2B05C00F9ED3E /* English */ = {isa = PBXFileReference; lastKnownFileType = file.xib; name = English; path = Languages/English.lproj/SparklerHelper.xib; sourceTree = "<group>"; };
		071F0B0D0EF2B36A00F9ED3E /* SparklerPreferencePaneProtocol.h */ = {isa = PBXFileReference; fileEncoding = 4; lastKnownFileType = sourcecode.c.h; path = SparklerPreferencePaneProtocol.h; sourceTree = "<group>"; };
		071F0B1C0EF2B3E100F9ED3E /* SparklerPreferencesWindowController.h */ = {isa = PBXFileReference; fileEncoding = 4; lastKnownFileType = sourcecode.c.h; path = SparklerPreferencesWindowController.h; sourceTree = "<group>"; };
		071F0B1D0EF2B3E100F9ED3E /* SparklerPreferencesWindowController.m */ = {isa = PBXFileReference; fileEncoding = 4; lastKnownFileType = sourcecode.c.objc; path = SparklerPreferencesWindowController.m; sourceTree = "<group>"; };
		071F0BD70EF30FFD00F9ED3E /* English */ = {isa = PBXFileReference; lastKnownFileType = file.xib; name = English; path = Languages/English.lproj/SparklerPreferences.xib; sourceTree = "<group>"; };
		071F0F700EF34CAF00F9ED3E /* SparklerPreferencePaneManager.h */ = {isa = PBXFileReference; fileEncoding = 4; lastKnownFileType = sourcecode.c.h; path = SparklerPreferencePaneManager.h; sourceTree = "<group>"; };
		071F0F710EF34CAF00F9ED3E /* SparklerPreferencePaneManager.m */ = {isa = PBXFileReference; fileEncoding = 4; lastKnownFileType = sourcecode.c.objc; path = SparklerPreferencePaneManager.m; sourceTree = "<group>"; };
		071F0F980EF350A400F9ED3E /* Preferences.plist */ = {isa = PBXFileReference; fileEncoding = 4; lastKnownFileType = text.plist.xml; name = Preferences.plist; path = "Resources/Property Lists/Preferences.plist"; sourceTree = "<group>"; };
		071F0FCB0EF3592E00F9ED3E /* SparklerGeneralPreferencePane.h */ = {isa = PBXFileReference; fileEncoding = 4; lastKnownFileType = sourcecode.c.h; name = SparklerGeneralPreferencePane.h; path = Preferences/General/SparklerGeneralPreferencePane.h; sourceTree = "<group>"; };
		071F0FCC0EF3592E00F9ED3E /* SparklerGeneralPreferencePane.m */ = {isa = PBXFileReference; fileEncoding = 4; lastKnownFileType = sourcecode.c.objc; name = SparklerGeneralPreferencePane.m; path = Preferences/General/SparklerGeneralPreferencePane.m; sourceTree = "<group>"; };
		071F0FD20EF359B400F9ED3E /* General Preferences.tiff */ = {isa = PBXFileReference; lastKnownFileType = image.tiff; name = "General Preferences.tiff"; path = "Resources/Icons/Toolbar Icons/General Preferences.tiff"; sourceTree = "<group>"; };
		078DD7FA0EF20B8C00C6997D /* SparklerHelper.app */ = {isa = PBXFileReference; explicitFileType = wrapper.application; includeInIndex = 0; path = SparklerHelper.app; sourceTree = BUILT_PRODUCTS_DIR; };
		078DD7FC0EF20B8C00C6997D /* SparklerHelper-Info.plist */ = {isa = PBXFileReference; lastKnownFileType = text.plist.xml; name = "SparklerHelper-Info.plist"; path = "Resources/Property Lists/SparklerHelper-Info.plist"; sourceTree = "<group>"; };
		078DD8230EF20D1B00C6997D /* Defaults.plist */ = {isa = PBXFileReference; fileEncoding = 4; lastKnownFileType = text.plist.xml; name = Defaults.plist; path = "Resources/Property Lists/Defaults.plist"; sourceTree = "<group>"; };
		078DD84B0EF20F2400C6997D /* SparklerHelperController.h */ = {isa = PBXFileReference; fileEncoding = 4; lastKnownFileType = sourcecode.c.h; path = SparklerHelperController.h; sourceTree = "<group>"; };
		078DD84C0EF20F2400C6997D /* SparklerHelperController.m */ = {isa = PBXFileReference; fileEncoding = 4; lastKnownFileType = sourcecode.c.objc; path = SparklerHelperController.m; sourceTree = "<group>"; };
		078DD8500EF20F7700C6997D /* SparklerApplicationMetadata.h */ = {isa = PBXFileReference; fileEncoding = 4; lastKnownFileType = sourcecode.c.h; path = SparklerApplicationMetadata.h; sourceTree = "<group>"; };
		078DD8510EF20F7700C6997D /* SparklerApplicationMetadata.m */ = {isa = PBXFileReference; fileEncoding = 4; lastKnownFileType = sourcecode.c.objc; path = SparklerApplicationMetadata.m; sourceTree = "<group>"; };
		078DD8520EF20F7700C6997D /* SparklerApplicationScanner.h */ = {isa = PBXFileReference; fileEncoding = 4; lastKnownFileType = sourcecode.c.h; path = SparklerApplicationScanner.h; sourceTree = "<group>"; };
		078DD8530EF20F7700C6997D /* SparklerApplicationScanner.m */ = {isa = PBXFileReference; fileEncoding = 4; lastKnownFileType = sourcecode.c.objc; path = SparklerApplicationScanner.m; sourceTree = "<group>"; };
		078DD8560EF20F7700C6997D /* SparklerUtilities.h */ = {isa = PBXFileReference; fileEncoding = 4; lastKnownFileType = sourcecode.c.h; path = SparklerUtilities.h; sourceTree = "<group>"; };
		078DD8570EF20F7700C6997D /* SparklerUtilities.m */ = {isa = PBXFileReference; fileEncoding = 4; lastKnownFileType = sourcecode.c.objc; path = SparklerUtilities.m; sourceTree = "<group>"; };
		078DD8660EF20FB900C6997D /* SparklerApplicationController.h */ = {isa = PBXFileReference; fileEncoding = 4; lastKnownFileType = sourcecode.c.h; path = SparklerApplicationController.h; sourceTree = "<group>"; };
		078DD8670EF20FB900C6997D /* SparklerApplicationController.m */ = {isa = PBXFileReference; fileEncoding = 4; lastKnownFileType = sourcecode.c.objc; path = SparklerApplicationController.m; sourceTree = "<group>"; };
		078DD8810EF210F100C6997D /* SparklerApplicationDataSource.h */ = {isa = PBXFileReference; fileEncoding = 4; lastKnownFileType = sourcecode.c.h; path = SparklerApplicationDataSource.h; sourceTree = "<group>"; };
		078DD8820EF210F100C6997D /* SparklerApplicationDataSource.m */ = {isa = PBXFileReference; fileEncoding = 4; lastKnownFileType = sourcecode.c.objc; path = SparklerApplicationDataSource.m; sourceTree = "<group>"; };
		078DD8830EF210F100C6997D /* SparklerConstants.h */ = {isa = PBXFileReference; fileEncoding = 4; lastKnownFileType = sourcecode.c.h; path = SparklerConstants.h; sourceTree = "<group>"; };
		078DD8840EF210F100C6997D /* SparklerTextFieldCell.h */ = {isa = PBXFileReference; fileEncoding = 4; lastKnownFileType = sourcecode.c.h; path = SparklerTextFieldCell.h; sourceTree = "<group>"; };
		078DD8850EF210F100C6997D /* SparklerTextFieldCell.m */ = {isa = PBXFileReference; fileEncoding = 4; lastKnownFileType = sourcecode.c.objc; path = SparklerTextFieldCell.m; sourceTree = "<group>"; };
		07AACB810EF3626100533AAA /* English */ = {isa = PBXFileReference; lastKnownFileType = file.xib; name = English; path = Languages/English.lproj/SparklerGeneralPreferences.xib; sourceTree = "<group>"; };
		1058C7A1FEA54F0111CA2CBB /* Cocoa.framework */ = {isa = PBXFileReference; lastKnownFileType = wrapper.framework; name = Cocoa.framework; path = /System/Library/Frameworks/Cocoa.framework; sourceTree = "<absolute>"; };
		13E42FB307B3F0F600E4EEF1 /* CoreData.framework */ = {isa = PBXFileReference; lastKnownFileType = wrapper.framework; name = CoreData.framework; path = /System/Library/Frameworks/CoreData.framework; sourceTree = "<absolute>"; };
		29B97316FDCFA39411CA2CEA /* main.m */ = {isa = PBXFileReference; fileEncoding = 4; lastKnownFileType = sourcecode.c.objc; path = main.m; sourceTree = "<group>"; };
		29B97324FDCFA39411CA2CEA /* AppKit.framework */ = {isa = PBXFileReference; lastKnownFileType = wrapper.framework; name = AppKit.framework; path = /System/Library/Frameworks/AppKit.framework; sourceTree = "<absolute>"; };
		29B97325FDCFA39411CA2CEA /* Foundation.framework */ = {isa = PBXFileReference; lastKnownFileType = wrapper.framework; name = Foundation.framework; path = /System/Library/Frameworks/Foundation.framework; sourceTree = "<absolute>"; };
		32CA4F630368D1EE00C91783 /* Sparkler.pch */ = {isa = PBXFileReference; fileEncoding = 4; lastKnownFileType = sourcecode.c.h; path = Sparkler.pch; sourceTree = "<group>"; };
		8D1107310486CEB800E47090 /* Sparkler-Info.plist */ = {isa = PBXFileReference; fileEncoding = 4; lastKnownFileType = text.plist.xml; name = "Sparkler-Info.plist"; path = "Resources/Property Lists/Sparkler-Info.plist"; sourceTree = "<group>"; };
		8D1107320486CEB800E47090 /* Sparkler.app */ = {isa = PBXFileReference; explicitFileType = wrapper.application; includeInIndex = 0; path = Sparkler.app; sourceTree = BUILT_PRODUCTS_DIR; };
/* End PBXFileReference section */

/* Begin PBXFrameworksBuildPhase section */
		078DD7F80EF20B8C00C6997D /* Frameworks */ = {
			isa = PBXFrameworksBuildPhase;
			buildActionMask = 2147483647;
			files = (
				078DD8440EF20ED400C6997D /* Cocoa.framework in Frameworks */,
			);
			runOnlyForDeploymentPostprocessing = 0;
		};
		8D11072E0486CEB800E47090 /* Frameworks */ = {
			isa = PBXFrameworksBuildPhase;
			buildActionMask = 2147483647;
			files = (
				8D11072F0486CEB800E47090 /* Cocoa.framework in Frameworks */,
			);
			runOnlyForDeploymentPostprocessing = 0;
		};
/* End PBXFrameworksBuildPhase section */

/* Begin PBXGroup section */
		071F0FD00EF3599E00F9ED3E /* Icons */ = {
			isa = PBXGroup;
			children = (
				071F0FD10EF359A300F9ED3E /* Toolbar Icons */,
			);
			name = Icons;
			sourceTree = "<group>";
		};
		071F0FD10EF359A300F9ED3E /* Toolbar Icons */ = {
			isa = PBXGroup;
			children = (
				071F0FD20EF359B400F9ED3E /* General Preferences.tiff */,
			);
			name = "Toolbar Icons";
			sourceTree = "<group>";
		};
		071F101B0EF35EA400F9ED3E /* Protocols */ = {
			isa = PBXGroup;
			children = (
				071F0B0D0EF2B36A00F9ED3E /* SparklerPreferencePaneProtocol.h */,
			);
			name = Protocols;
			sourceTree = "<group>";
		};
		071F101C0EF35EB800F9ED3E /* Preference Panes */ = {
			isa = PBXGroup;
			children = (
				071F0FCB0EF3592E00F9ED3E /* SparklerGeneralPreferencePane.h */,
				071F0FCC0EF3592E00F9ED3E /* SparklerGeneralPreferencePane.m */,
			);
			name = "Preference Panes";
			sourceTree = "<group>";
		};
		071F101D0EF35EE600F9ED3E /* Utilities */ = {
			isa = PBXGroup;
			children = (
				078DD8520EF20F7700C6997D /* SparklerApplicationScanner.h */,
				078DD8530EF20F7700C6997D /* SparklerApplicationScanner.m */,
				071F0F700EF34CAF00F9ED3E /* SparklerPreferencePaneManager.h */,
				071F0F710EF34CAF00F9ED3E /* SparklerPreferencePaneManager.m */,
				078DD8560EF20F7700C6997D /* SparklerUtilities.h */,
				078DD8570EF20F7700C6997D /* SparklerUtilities.m */,
			);
			name = Utilities;
			sourceTree = "<group>";
		};
		071F101E0EF35F0300F9ED3E /* Models */ = {
			isa = PBXGroup;
			children = (
				078DD8500EF20F7700C6997D /* SparklerApplicationMetadata.h */,
				078DD8510EF20F7700C6997D /* SparklerApplicationMetadata.m */,
			);
			name = Models;
			sourceTree = "<group>";
		};
		071F101F0EF35F1300F9ED3E /* Controllers */ = {
			isa = PBXGroup;
			children = (
				078DD8660EF20FB900C6997D /* SparklerApplicationController.h */,
				078DD8670EF20FB900C6997D /* SparklerApplicationController.m */,
				078DD8810EF210F100C6997D /* SparklerApplicationDataSource.h */,
				078DD8820EF210F100C6997D /* SparklerApplicationDataSource.m */,
				078DD84B0EF20F2400C6997D /* SparklerHelperController.h */,
				078DD84C0EF20F2400C6997D /* SparklerHelperController.m */,
				071F0B1C0EF2B3E100F9ED3E /* SparklerPreferencesWindowController.h */,
				071F0B1D0EF2B3E100F9ED3E /* SparklerPreferencesWindowController.m */,
			);
			name = Controllers;
			sourceTree = "<group>";
		};
		071F10200EF35F2B00F9ED3E /* Views */ = {
			isa = PBXGroup;
			children = (
				078DD8840EF210F100C6997D /* SparklerTextFieldCell.h */,
				078DD8850EF210F100C6997D /* SparklerTextFieldCell.m */,
			);
			name = Views;
			sourceTree = "<group>";
		};
		071F10210EF35F6B00F9ED3E /* Common */ = {
			isa = PBXGroup;
			children = (
				071F101B0EF35EA400F9ED3E /* Protocols */,
				071F101D0EF35EE600F9ED3E /* Utilities */,
			);
			name = Common;
			sourceTree = "<group>";
		};
		071F10220EF35FCF00F9ED3E /* Property Lists */ = {
			isa = PBXGroup;
			children = (
				078DD8230EF20D1B00C6997D /* Defaults.plist */,
				071F0F980EF350A400F9ED3E /* Preferences.plist */,
				8D1107310486CEB800E47090 /* Sparkler-Info.plist */,
				071F0AF00EF2B04E00F9ED3E /* Sparkler-InfoPlist.strings */,
				078DD7FC0EF20B8C00C6997D /* SparklerHelper-Info.plist */,
				071F0AF60EF2B05C00F9ED3E /* SparklerHelper-InfoPlist.strings */,
			);
			name = "Property Lists";
			sourceTree = "<group>";
		};
		071F10230EF35FEA00F9ED3E /* Interface Builder */ = {
			isa = PBXGroup;
			children = (
				071F0AF20EF2B04E00F9ED3E /* Sparkler.xib */,
				07AACB800EF3626100533AAA /* SparklerGeneralPreferences.xib */,
				071F0AF80EF2B05C00F9ED3E /* SparklerHelper.xib */,
				071F0BD60EF30FFD00F9ED3E /* SparklerPreferences.xib */,
			);
			name = "Interface Builder";
			sourceTree = "<group>";
		};
		080E96DDFE201D6D7F000001 /* Classes */ = {
			isa = PBXGroup;
			children = (
				071F10210EF35F6B00F9ED3E /* Common */,
				071F101F0EF35F1300F9ED3E /* Controllers */,
				071F101E0EF35F0300F9ED3E /* Models */,
				071F101C0EF35EB800F9ED3E /* Preference Panes */,
				071F10200EF35F2B00F9ED3E /* Views */,
			);
			name = Classes;
			sourceTree = "<group>";
		};
		1058C7A0FEA54F0111CA2CBB /* Linked Frameworks */ = {
			isa = PBXGroup;
			children = (
				1058C7A1FEA54F0111CA2CBB /* Cocoa.framework */,
			);
			name = "Linked Frameworks";
			sourceTree = "<group>";
		};
		1058C7A2FEA54F0111CA2CBB /* Other Frameworks */ = {
			isa = PBXGroup;
			children = (
				29B97324FDCFA39411CA2CEA /* AppKit.framework */,
				13E42FB307B3F0F600E4EEF1 /* CoreData.framework */,
				29B97325FDCFA39411CA2CEA /* Foundation.framework */,
			);
			name = "Other Frameworks";
			sourceTree = "<group>";
		};
		19C28FACFE9D520D11CA2CBB /* Products */ = {
			isa = PBXGroup;
			children = (
				8D1107320486CEB800E47090 /* Sparkler.app */,
				078DD7FA0EF20B8C00C6997D /* SparklerHelper.app */,
			);
			name = Products;
			sourceTree = "<group>";
		};
		29B97314FDCFA39411CA2CEA /* Sparkler */ = {
			isa = PBXGroup;
			children = (
				080E96DDFE201D6D7F000001 /* Classes */,
				29B97315FDCFA39411CA2CEA /* Other Sources */,
				29B97317FDCFA39411CA2CEA /* Resources */,
				29B97323FDCFA39411CA2CEA /* Frameworks */,
				19C28FACFE9D520D11CA2CBB /* Products */,
			);
			name = Sparkler;
			sourceTree = "<group>";
		};
		29B97315FDCFA39411CA2CEA /* Other Sources */ = {
			isa = PBXGroup;
			children = (
				078DD8830EF210F100C6997D /* SparklerConstants.h */,
				32CA4F630368D1EE00C91783 /* Sparkler.pch */,
				29B97316FDCFA39411CA2CEA /* main.m */,
			);
			name = "Other Sources";
			sourceTree = "<group>";
		};
		29B97317FDCFA39411CA2CEA /* Resources */ = {
			isa = PBXGroup;
			children = (
				071F0FD00EF3599E00F9ED3E /* Icons */,
				071F10230EF35FEA00F9ED3E /* Interface Builder */,
				071F10220EF35FCF00F9ED3E /* Property Lists */,
			);
			name = Resources;
			sourceTree = "<group>";
		};
		29B97323FDCFA39411CA2CEA /* Frameworks */ = {
			isa = PBXGroup;
			children = (
				1058C7A0FEA54F0111CA2CBB /* Linked Frameworks */,
				1058C7A2FEA54F0111CA2CBB /* Other Frameworks */,
			);
			name = Frameworks;
			sourceTree = "<group>";
		};
/* End PBXGroup section */

/* Begin PBXNativeTarget section */
		078DD7F90EF20B8C00C6997D /* SparklerHelper */ = {
			isa = PBXNativeTarget;
			buildConfigurationList = 078DD7FF0EF20B8D00C6997D /* Build configuration list for PBXNativeTarget "SparklerHelper" */;
			buildPhases = (
				078DD7F60EF20B8C00C6997D /* Resources */,
				078DD7F70EF20B8C00C6997D /* Sources */,
				078DD7F80EF20B8C00C6997D /* Frameworks */,
			);
			buildRules = (
			);
			dependencies = (
			);
			name = SparklerHelper;
			productName = SparklerHelper;
			productReference = 078DD7FA0EF20B8C00C6997D /* SparklerHelper.app */;
			productType = "com.apple.product-type.application";
		};
		8D1107260486CEB800E47090 /* Sparkler */ = {
			isa = PBXNativeTarget;
			buildConfigurationList = C01FCF4A08A954540054247B /* Build configuration list for PBXNativeTarget "Sparkler" */;
			buildPhases = (
				8D1107290486CEB800E47090 /* Resources */,
				8D11072C0486CEB800E47090 /* Sources */,
				8D11072E0486CEB800E47090 /* Frameworks */,
			);
			buildRules = (
			);
			dependencies = (
				078DD8010EF20BD200C6997D /* PBXTargetDependency */,
			);
			name = Sparkler;
			productInstallPath = "$(HOME)/Applications";
			productName = Sparkler;
			productReference = 8D1107320486CEB800E47090 /* Sparkler.app */;
			productType = "com.apple.product-type.application";
		};
/* End PBXNativeTarget section */

/* Begin PBXProject section */
		29B97313FDCFA39411CA2CEA /* Project object */ = {
			isa = PBXProject;
			buildConfigurationList = C01FCF4E08A954540054247B /* Build configuration list for PBXProject "Sparkler" */;
			compatibilityVersion = "Xcode 3.1";
			hasScannedForEncodings = 1;
			mainGroup = 29B97314FDCFA39411CA2CEA /* Sparkler */;
			projectDirPath = "";
			projectRoot = "";
			targets = (
				8D1107260486CEB800E47090 /* Sparkler */,
				078DD7F90EF20B8C00C6997D /* SparklerHelper */,
			);
		};
/* End PBXProject section */

/* Begin PBXResourcesBuildPhase section */
		078DD7F60EF20B8C00C6997D /* Resources */ = {
			isa = PBXResourcesBuildPhase;
			buildActionMask = 2147483647;
			files = (
				071F0AFA0EF2B05C00F9ED3E /* SparklerHelper-InfoPlist.strings in Resources */,
				071F0AFB0EF2B05C00F9ED3E /* SparklerHelper.xib in Resources */,
			);
			runOnlyForDeploymentPostprocessing = 0;
		};
		8D1107290486CEB800E47090 /* Resources */ = {
			isa = PBXResourcesBuildPhase;
			buildActionMask = 2147483647;
			files = (
				078DD8240EF20D1B00C6997D /* Defaults.plist in Resources */,
				071F0FD30EF359B400F9ED3E /* General Preferences.tiff in Resources */,
				071F0F990EF350A400F9ED3E /* Preferences.plist in Resources */,
				078DD8020EF20BE600C6997D /* SparklerHelper.app in Resources */,
				071F0AF40EF2B04E00F9ED3E /* Sparkler-InfoPlist.strings in Resources */,
				071F0AF50EF2B04E00F9ED3E /* Sparkler.xib in Resources */,
				071F0BD80EF30FFD00F9ED3E /* SparklerPreferences.xib in Resources */,
				07AACB820EF3626100533AAA /* SparklerGeneralPreferences.xib in Resources */,
			);
			runOnlyForDeploymentPostprocessing = 0;
		};
/* End PBXResourcesBuildPhase section */

/* Begin PBXSourcesBuildPhase section */
		078DD7F70EF20B8C00C6997D /* Sources */ = {
			isa = PBXSourcesBuildPhase;
			buildActionMask = 2147483647;
			files = (
				078DD82B0EF20D7500C6997D /* main.m in Sources */,
				078DD8580EF20F7700C6997D /* SparklerApplicationMetadata.m in Sources */,
				078DD84D0EF20F2400C6997D /* SparklerHelperController.m in Sources */,
				078DD85B0EF20F7700C6997D /* SparklerUtilities.m in Sources */,
			);
			runOnlyForDeploymentPostprocessing = 0;
		};
		8D11072C0486CEB800E47090 /* Sources */ = {
			isa = PBXSourcesBuildPhase;
			buildActionMask = 2147483647;
			files = (
				8D11072D0486CEB800E47090 /* main.m in Sources */,
				078DD8680EF20FB900C6997D /* SparklerApplicationController.m in Sources */,
				078DD8860EF210F100C6997D /* SparklerApplicationDataSource.m in Sources */,
				071F0B8B0EF2BA3E00F9ED3E /* SparklerApplicationMetadata.m in Sources */,
				078DD8D80EF216AF00C6997D /* SparklerApplicationScanner.m in Sources */,
				078DD8870EF210F100C6997D /* SparklerTextFieldCell.m in Sources */,
				078DD8640EF20F9E00C6997D /* SparklerUtilities.m in Sources */,
				071F0B1E0EF2B3E100F9ED3E /* SparklerPreferencesWindowController.m in Sources */,
				071F0F720EF34CAF00F9ED3E /* SparklerPreferencePaneManager.m in Sources */,
				071F0FCD0EF3592E00F9ED3E /* SparklerGeneralPreferencePane.m in Sources */,
			);
			runOnlyForDeploymentPostprocessing = 0;
		};
/* End PBXSourcesBuildPhase section */

/* Begin PBXTargetDependency section */
		078DD8010EF20BD200C6997D /* PBXTargetDependency */ = {
			isa = PBXTargetDependency;
			target = 078DD7F90EF20B8C00C6997D /* SparklerHelper */;
			targetProxy = 078DD8000EF20BD200C6997D /* PBXContainerItemProxy */;
		};
/* End PBXTargetDependency section */

/* Begin PBXVariantGroup section */
		071F0AF00EF2B04E00F9ED3E /* Sparkler-InfoPlist.strings */ = {
			isa = PBXVariantGroup;
			children = (
				071F0AF10EF2B04E00F9ED3E /* English */,
			);
			name = "Sparkler-InfoPlist.strings";
			sourceTree = "<group>";
		};
		071F0AF20EF2B04E00F9ED3E /* Sparkler.xib */ = {
			isa = PBXVariantGroup;
			children = (
				071F0AF30EF2B04E00F9ED3E /* English */,
			);
			name = Sparkler.xib;
			sourceTree = "<group>";
		};
		071F0AF60EF2B05C00F9ED3E /* SparklerHelper-InfoPlist.strings */ = {
			isa = PBXVariantGroup;
			children = (
				071F0AF70EF2B05C00F9ED3E /* English */,
			);
			name = "SparklerHelper-InfoPlist.strings";
			sourceTree = "<group>";
		};
		071F0AF80EF2B05C00F9ED3E /* SparklerHelper.xib */ = {
			isa = PBXVariantGroup;
			children = (
				071F0AF90EF2B05C00F9ED3E /* English */,
			);
			name = SparklerHelper.xib;
			sourceTree = "<group>";
		};
		071F0BD60EF30FFD00F9ED3E /* SparklerPreferences.xib */ = {
			isa = PBXVariantGroup;
			children = (
				071F0BD70EF30FFD00F9ED3E /* English */,
			);
			name = SparklerPreferences.xib;
			sourceTree = "<group>";
		};
		07AACB800EF3626100533AAA /* SparklerGeneralPreferences.xib */ = {
			isa = PBXVariantGroup;
			children = (
				07AACB810EF3626100533AAA /* English */,
			);
			name = SparklerGeneralPreferences.xib;
			sourceTree = "<group>";
		};
/* End PBXVariantGroup section */

/* Begin XCBuildConfiguration section */
		078DD7FD0EF20B8D00C6997D /* Development */ = {
			isa = XCBuildConfiguration;
			buildSettings = {
				ALWAYS_SEARCH_USER_PATHS = NO;
				COPY_PHASE_STRIP = NO;
				GCC_DYNAMIC_NO_PIC = NO;
				GCC_ENABLE_FIX_AND_CONTINUE = YES;
				GCC_MODEL_TUNING = G5;
				GCC_OPTIMIZATION_LEVEL = 0;
				GCC_PRECOMPILE_PREFIX_HEADER = YES;
				GCC_PREFIX_HEADER = Sparkler.pch;
				INFOPLIST_FILE = "Resources/Property Lists/SparklerHelper-Info.plist";
				INSTALL_PATH = "$(HOME)/Applications";
				PRODUCT_NAME = SparklerHelper;
			};
			name = Development;
		};
		078DD7FE0EF20B8D00C6997D /* Release */ = {
			isa = XCBuildConfiguration;
			buildSettings = {
				ALWAYS_SEARCH_USER_PATHS = NO;
				DEBUG_INFORMATION_FORMAT = "dwarf-with-dsym";
				GCC_MODEL_TUNING = G5;
				GCC_PRECOMPILE_PREFIX_HEADER = YES;
				GCC_PREFIX_HEADER = Sparkler.pch;
				INFOPLIST_FILE = "Resources/Property Lists/SparklerHelper-Info.plist";
				INSTALL_PATH = "$(HOME)/Applications";
				PRODUCT_NAME = SparklerHelper;
			};
			name = Release;
		};
		C01FCF4B08A954540054247B /* Development */ = {
			isa = XCBuildConfiguration;
			buildSettings = {
				ALWAYS_SEARCH_USER_PATHS = NO;
				COPY_PHASE_STRIP = NO;
				GCC_DYNAMIC_NO_PIC = NO;
				GCC_ENABLE_FIX_AND_CONTINUE = YES;
				GCC_MODEL_TUNING = G5;
				GCC_OPTIMIZATION_LEVEL = 0;
				GCC_PRECOMPILE_PREFIX_HEADER = YES;
				GCC_PREFIX_HEADER = Sparkler.pch;
				INFOPLIST_FILE = "Resources/Property Lists/Sparkler-Info.plist";
				INSTALL_PATH = "$(HOME)/Applications";
				PRODUCT_NAME = Sparkler;
			};
			name = Development;
		};
		C01FCF4C08A954540054247B /* Release */ = {
			isa = XCBuildConfiguration;
			buildSettings = {
				ALWAYS_SEARCH_USER_PATHS = NO;
				DEBUG_INFORMATION_FORMAT = "dwarf-with-dsym";
				GCC_MODEL_TUNING = G5;
				GCC_PRECOMPILE_PREFIX_HEADER = YES;
				GCC_PREFIX_HEADER = Sparkler.pch;
				INFOPLIST_FILE = "Resources/Property Lists/Sparkler-Info.plist";
				INSTALL_PATH = "$(HOME)/Applications";
				PRODUCT_NAME = Sparkler;
			};
			name = Release;
		};
		C01FCF4F08A954540054247B /* Development */ = {
			isa = XCBuildConfiguration;
			buildSettings = {
				ARCHS = "$(ARCHS_STANDARD_32_BIT)";
				GCC_C_LANGUAGE_STANDARD = c99;
				GCC_OPTIMIZATION_LEVEL = 0;
				GCC_WARN_ABOUT_RETURN_TYPE = YES;
				GCC_WARN_UNUSED_VARIABLE = YES;
				ONLY_ACTIVE_ARCH = YES;
				PREBINDING = NO;
				SDKROOT = macosx10.5;
			};
			name = Development;
		};
		C01FCF5008A954540054247B /* Release */ = {
			isa = XCBuildConfiguration;
			buildSettings = {
				ARCHS = "$(ARCHS_STANDARD_32_BIT)";
				GCC_C_LANGUAGE_STANDARD = c99;
				GCC_WARN_ABOUT_RETURN_TYPE = YES;
				GCC_WARN_UNUSED_VARIABLE = YES;
				PREBINDING = NO;
				SDKROOT = macosx10.5;
			};
			name = Release;
		};
/* End XCBuildConfiguration section */

/* Begin XCConfigurationList section */
		078DD7FF0EF20B8D00C6997D /* Build configuration list for PBXNativeTarget "SparklerHelper" */ = {
			isa = XCConfigurationList;
			buildConfigurations = (
				078DD7FD0EF20B8D00C6997D /* Development */,
				078DD7FE0EF20B8D00C6997D /* Release */,
			);
			defaultConfigurationIsVisible = 0;
			defaultConfigurationName = Release;
		};
		C01FCF4A08A954540054247B /* Build configuration list for PBXNativeTarget "Sparkler" */ = {
			isa = XCConfigurationList;
			buildConfigurations = (
				C01FCF4B08A954540054247B /* Development */,
				C01FCF4C08A954540054247B /* Release */,
			);
			defaultConfigurationIsVisible = 0;
			defaultConfigurationName = Release;
		};
		C01FCF4E08A954540054247B /* Build configuration list for PBXProject "Sparkler" */ = {
			isa = XCConfigurationList;
			buildConfigurations = (
				C01FCF4F08A954540054247B /* Development */,
				C01FCF5008A954540054247B /* Release */,
			);
			defaultConfigurationIsVisible = 0;
			defaultConfigurationName = Release;
		};
/* End XCConfigurationList section */
	};
	rootObject = 29B97313FDCFA39411CA2CEA /* Project object */;
}
